// !$*UTF8*$!
{
	archiveVersion = 1;
	classes = {
	};
	objectVersion = 46;
	objects = {

/* Begin PBXBuildFile section */
		1835076A1D5042330088935E /* GDWLoginViewController.m in Sources */ = {isa = PBXBuildFile; fileRef = 183507681D5042330088935E /* GDWLoginViewController.m */; };
		1835076B1D5042330088935E /* GDWLoginViewController.xib in Resources */ = {isa = PBXBuildFile; fileRef = 183507691D5042330088935E /* GDWLoginViewController.xib */; };
		1835076D1D5042FA0088935E /* LoginBackground@2x.png in Resources */ = {isa = PBXBuildFile; fileRef = 1835076C1D5042FA0088935E /* LoginBackground@2x.png */; };
		183507EE1D5045D90088935E /* AFHTTPRequestOperation.m in Sources */ = {isa = PBXBuildFile; fileRef = 183507701D5045D80088935E /* AFHTTPRequestOperation.m */; };
		183507EF1D5045D90088935E /* AFHTTPRequestOperationManager.m in Sources */ = {isa = PBXBuildFile; fileRef = 183507721D5045D80088935E /* AFHTTPRequestOperationManager.m */; };
		183507F01D5045D90088935E /* AFHTTPSessionManager.m in Sources */ = {isa = PBXBuildFile; fileRef = 183507741D5045D80088935E /* AFHTTPSessionManager.m */; };
		183507F11D5045D90088935E /* AFNetworkReachabilityManager.m in Sources */ = {isa = PBXBuildFile; fileRef = 183507771D5045D80088935E /* AFNetworkReachabilityManager.m */; };
		183507F21D5045D90088935E /* AFSecurityPolicy.m in Sources */ = {isa = PBXBuildFile; fileRef = 183507791D5045D80088935E /* AFSecurityPolicy.m */; };
		183507F31D5045D90088935E /* AFURLConnectionOperation.m in Sources */ = {isa = PBXBuildFile; fileRef = 1835077B1D5045D80088935E /* AFURLConnectionOperation.m */; };
		183507F41D5045D90088935E /* AFURLRequestSerialization.m in Sources */ = {isa = PBXBuildFile; fileRef = 1835077D1D5045D80088935E /* AFURLRequestSerialization.m */; };
		183507F51D5045D90088935E /* AFURLResponseSerialization.m in Sources */ = {isa = PBXBuildFile; fileRef = 1835077F1D5045D80088935E /* AFURLResponseSerialization.m */; };
		183507F61D5045D90088935E /* AFURLSessionManager.m in Sources */ = {isa = PBXBuildFile; fileRef = 183507811D5045D80088935E /* AFURLSessionManager.m */; };
		183507F71D5045D90088935E /* MJDictionaryCache.m in Sources */ = {isa = PBXBuildFile; fileRef = 183507841D5045D80088935E /* MJDictionaryCache.m */; };
		183507F81D5045D90088935E /* MJExtensionConst.m in Sources */ = {isa = PBXBuildFile; fileRef = 183507871D5045D80088935E /* MJExtensionConst.m */; };
		183507F91D5045D90088935E /* MJFoundation.m in Sources */ = {isa = PBXBuildFile; fileRef = 183507891D5045D80088935E /* MJFoundation.m */; };
		183507FA1D5045D90088935E /* MJProperty.m in Sources */ = {isa = PBXBuildFile; fileRef = 1835078B1D5045D80088935E /* MJProperty.m */; };
		183507FB1D5045D90088935E /* MJPropertyKey.m in Sources */ = {isa = PBXBuildFile; fileRef = 1835078D1D5045D80088935E /* MJPropertyKey.m */; };
		183507FC1D5045D90088935E /* MJPropertyType.m in Sources */ = {isa = PBXBuildFile; fileRef = 1835078F1D5045D80088935E /* MJPropertyType.m */; };
		183507FD1D5045D90088935E /* MJRefreshAutoFooter.m in Sources */ = {isa = PBXBuildFile; fileRef = 183507931D5045D80088935E /* MJRefreshAutoFooter.m */; };
		183507FE1D5045D90088935E /* MJRefreshBackFooter.m in Sources */ = {isa = PBXBuildFile; fileRef = 183507951D5045D80088935E /* MJRefreshBackFooter.m */; };
		183507FF1D5045D90088935E /* MJRefreshComponent.m in Sources */ = {isa = PBXBuildFile; fileRef = 183507971D5045D80088935E /* MJRefreshComponent.m */; };
		183508001D5045D90088935E /* MJRefreshFooter.m in Sources */ = {isa = PBXBuildFile; fileRef = 183507991D5045D80088935E /* MJRefreshFooter.m */; };
		183508011D5045D90088935E /* MJRefreshHeader.m in Sources */ = {isa = PBXBuildFile; fileRef = 1835079B1D5045D80088935E /* MJRefreshHeader.m */; };
		183508021D5045D90088935E /* MJRefreshAutoGifFooter.m in Sources */ = {isa = PBXBuildFile; fileRef = 183507A01D5045D80088935E /* MJRefreshAutoGifFooter.m */; };
		183508031D5045D90088935E /* MJRefreshAutoNormalFooter.m in Sources */ = {isa = PBXBuildFile; fileRef = 183507A21D5045D80088935E /* MJRefreshAutoNormalFooter.m */; };
		183508041D5045D90088935E /* MJRefreshAutoStateFooter.m in Sources */ = {isa = PBXBuildFile; fileRef = 183507A41D5045D80088935E /* MJRefreshAutoStateFooter.m */; };
		183508051D5045D90088935E /* MJRefreshBackGifFooter.m in Sources */ = {isa = PBXBuildFile; fileRef = 183507A71D5045D80088935E /* MJRefreshBackGifFooter.m */; };
		183508061D5045D90088935E /* MJRefreshBackNormalFooter.m in Sources */ = {isa = PBXBuildFile; fileRef = 183507A91D5045D80088935E /* MJRefreshBackNormalFooter.m */; };
		183508071D5045D90088935E /* MJRefreshBackStateFooter.m in Sources */ = {isa = PBXBuildFile; fileRef = 183507AB1D5045D80088935E /* MJRefreshBackStateFooter.m */; };
		183508081D5045D90088935E /* MJRefreshGifHeader.m in Sources */ = {isa = PBXBuildFile; fileRef = 183507AE1D5045D80088935E /* MJRefreshGifHeader.m */; };
		183508091D5045D90088935E /* MJRefreshNormalHeader.m in Sources */ = {isa = PBXBuildFile; fileRef = 183507B01D5045D80088935E /* MJRefreshNormalHeader.m */; };
		1835080A1D5045D90088935E /* MJRefreshStateHeader.m in Sources */ = {isa = PBXBuildFile; fileRef = 183507B21D5045D80088935E /* MJRefreshStateHeader.m */; };
		1835080B1D5045D90088935E /* MJRefresh.bundle in Resources */ = {isa = PBXBuildFile; fileRef = 183507B31D5045D80088935E /* MJRefresh.bundle */; };
		1835080C1D5045D90088935E /* MJRefreshConst.m in Sources */ = {isa = PBXBuildFile; fileRef = 183507B61D5045D80088935E /* MJRefreshConst.m */; };
		1835080D1D5045D90088935E /* UIScrollView+MJExtension.m in Sources */ = {isa = PBXBuildFile; fileRef = 183507B81D5045D80088935E /* UIScrollView+MJExtension.m */; };
		1835080E1D5045D90088935E /* UIScrollView+MJRefresh.m in Sources */ = {isa = PBXBuildFile; fileRef = 183507BA1D5045D80088935E /* UIScrollView+MJRefresh.m */; };
		1835080F1D5045D90088935E /* UIView+MJExtension.m in Sources */ = {isa = PBXBuildFile; fileRef = 183507BC1D5045D80088935E /* UIView+MJExtension.m */; };
		183508101D5045D90088935E /* NSObject+MJClass.m in Sources */ = {isa = PBXBuildFile; fileRef = 183507BE1D5045D80088935E /* NSObject+MJClass.m */; };
		183508111D5045D90088935E /* NSObject+MJCoding.m in Sources */ = {isa = PBXBuildFile; fileRef = 183507C01D5045D80088935E /* NSObject+MJCoding.m */; };
		183508121D5045D90088935E /* NSObject+MJKeyValue.m in Sources */ = {isa = PBXBuildFile; fileRef = 183507C21D5045D80088935E /* NSObject+MJKeyValue.m */; };
		183508131D5045D90088935E /* NSObject+MJProperty.m in Sources */ = {isa = PBXBuildFile; fileRef = 183507C41D5045D80088935E /* NSObject+MJProperty.m */; };
		183508141D5045D90088935E /* NSString+MJExtension.m in Sources */ = {isa = PBXBuildFile; fileRef = 183507C61D5045D80088935E /* NSString+MJExtension.m */; };
		183508151D5045D90088935E /* NSData+ImageContentType.m in Sources */ = {isa = PBXBuildFile; fileRef = 183507C91D5045D80088935E /* NSData+ImageContentType.m */; };
		183508161D5045D90088935E /* SDImageCache.m in Sources */ = {isa = PBXBuildFile; fileRef = 183507CB1D5045D80088935E /* SDImageCache.m */; };
		183508171D5045D90088935E /* SDWebImageCompat.m in Sources */ = {isa = PBXBuildFile; fileRef = 183507CD1D5045D80088935E /* SDWebImageCompat.m */; };
		183508181D5045D90088935E /* SDWebImageDecoder.m in Sources */ = {isa = PBXBuildFile; fileRef = 183507CF1D5045D80088935E /* SDWebImageDecoder.m */; };
		183508191D5045D90088935E /* SDWebImageDownloader.m in Sources */ = {isa = PBXBuildFile; fileRef = 183507D11D5045D80088935E /* SDWebImageDownloader.m */; };
		1835081A1D5045D90088935E /* SDWebImageDownloaderOperation.m in Sources */ = {isa = PBXBuildFile; fileRef = 183507D31D5045D80088935E /* SDWebImageDownloaderOperation.m */; };
		1835081B1D5045D90088935E /* SDWebImageManager.m in Sources */ = {isa = PBXBuildFile; fileRef = 183507D51D5045D80088935E /* SDWebImageManager.m */; };
		1835081C1D5045D90088935E /* SDWebImagePrefetcher.m in Sources */ = {isa = PBXBuildFile; fileRef = 183507D81D5045D80088935E /* SDWebImagePrefetcher.m */; };
		1835081D1D5045D90088935E /* UIButton+WebCache.m in Sources */ = {isa = PBXBuildFile; fileRef = 183507DA1D5045D80088935E /* UIButton+WebCache.m */; };
		1835081E1D5045D90088935E /* UIImage+GIF.m in Sources */ = {isa = PBXBuildFile; fileRef = 183507DC1D5045D80088935E /* UIImage+GIF.m */; };
		1835081F1D5045D90088935E /* UIImage+MultiFormat.m in Sources */ = {isa = PBXBuildFile; fileRef = 183507DE1D5045D80088935E /* UIImage+MultiFormat.m */; };
		183508201D5045D90088935E /* UIImageView+HighlightedWebCache.m in Sources */ = {isa = PBXBuildFile; fileRef = 183507E01D5045D80088935E /* UIImageView+HighlightedWebCache.m */; };
		183508211D5045D90088935E /* UIImageView+WebCache.m in Sources */ = {isa = PBXBuildFile; fileRef = 183507E21D5045D80088935E /* UIImageView+WebCache.m */; };
		183508221D5045D90088935E /* UIView+WebCacheOperation.m in Sources */ = {isa = PBXBuildFile; fileRef = 183507E41D5045D80088935E /* UIView+WebCacheOperation.m */; };
		183508711D5048040088935E /* MBProgressHUD+Add.m in Sources */ = {isa = PBXBuildFile; fileRef = 1835086D1D5048040088935E /* MBProgressHUD+Add.m */; };
		183508721D5048040088935E /* MBProgressHUD.bundle in Resources */ = {isa = PBXBuildFile; fileRef = 1835086E1D5048040088935E /* MBProgressHUD.bundle */; };
		183508731D5048040088935E /* MBProgressHUD.m in Sources */ = {isa = PBXBuildFile; fileRef = 183508701D5048040088935E /* MBProgressHUD.m */; };
		183508771D504A220088935E /* GDWDataBaseTool.m in Sources */ = {isa = PBXBuildFile; fileRef = 183508761D504A220088935E /* GDWDataBaseTool.m */; };
		1835087B1D504BA30088935E /* GDWConst.m in Sources */ = {isa = PBXBuildFile; fileRef = 1835087A1D504BA30088935E /* GDWConst.m */; };
		183508801D5086200088935E /* EMAlertView.m in Sources */ = {isa = PBXBuildFile; fileRef = 1835087F1D5086200088935E /* EMAlertView.m */; };
		18E2CCC91D4F495000748868 /* main.m in Sources */ = {isa = PBXBuildFile; fileRef = 18E2CCC81D4F495000748868 /* main.m */; };
		18E2CCCC1D4F495000748868 /* AppDelegate.m in Sources */ = {isa = PBXBuildFile; fileRef = 18E2CCCB1D4F495000748868 /* AppDelegate.m */; };
		18E2CCD21D4F495000748868 /* Main.storyboard in Resources */ = {isa = PBXBuildFile; fileRef = 18E2CCD01D4F495000748868 /* Main.storyboard */; };
		18E2CCD41D4F495000748868 /* Assets.xcassets in Resources */ = {isa = PBXBuildFile; fileRef = 18E2CCD31D4F495000748868 /* Assets.xcassets */; };
		18E2CCD71D4F495000748868 /* LaunchScreen.storyboard in Resources */ = {isa = PBXBuildFile; fileRef = 18E2CCD51D4F495000748868 /* LaunchScreen.storyboard */; };
		18E2CCE21D4F495000748868 /* gchatTests.m in Sources */ = {isa = PBXBuildFile; fileRef = 18E2CCE11D4F495000748868 /* gchatTests.m */; };
		18E2CCED1D4F495000748868 /* gchatUITests.m in Sources */ = {isa = PBXBuildFile; fileRef = 18E2CCEC1D4F495000748868 /* gchatUITests.m */; };
		18E2CD021D4F54C000748868 /* GDWTabBarController.m in Sources */ = {isa = PBXBuildFile; fileRef = 18E2CD011D4F54C000748868 /* GDWTabBarController.m */; };
		18E2CD051D4F550A00748868 /* GDWNavigationController.m in Sources */ = {isa = PBXBuildFile; fileRef = 18E2CD041D4F550A00748868 /* GDWNavigationController.m */; };
		18E2CD201D4F58CF00748868 /* GDWConversationController.m in Sources */ = {isa = PBXBuildFile; fileRef = 18E2CD1F1D4F58CF00748868 /* GDWConversationController.m */; };
		18E2CD231D4F58FD00748868 /* GDWContactController.m in Sources */ = {isa = PBXBuildFile; fileRef = 18E2CD221D4F58FD00748868 /* GDWContactController.m */; };
		18E2CD261D4F592300748868 /* GDWDiscoverController.m in Sources */ = {isa = PBXBuildFile; fileRef = 18E2CD251D4F592300748868 /* GDWDiscoverController.m */; };
		18E2CD291D4F595400748868 /* GDWMeViewController.m in Sources */ = {isa = PBXBuildFile; fileRef = 18E2CD281D4F595400748868 /* GDWMeViewController.m */; };
		18E2CD591D4F80BA00748868 /* libcrypto.a in Frameworks */ = {isa = PBXBuildFile; fileRef = 18E2CD551D4F80BA00748868 /* libcrypto.a */; };
		18E2CD5A1D4F80BA00748868 /* libcurl.a in Frameworks */ = {isa = PBXBuildFile; fileRef = 18E2CD561D4F80BA00748868 /* libcurl.a */; };
		18E2CD5B1D4F80BA00748868 /* libssl.a in Frameworks */ = {isa = PBXBuildFile; fileRef = 18E2CD571D4F80BA00748868 /* libssl.a */; };
		18E2CD5C1D4F80BA00748868 /* libHyphenateFullSDK.a in Frameworks */ = {isa = PBXBuildFile; fileRef = 18E2CD581D4F80BA00748868 /* libHyphenateFullSDK.a */; };
		18E2CD5E1D4F821900748868 /* CoreMedia.framework in Frameworks */ = {isa = PBXBuildFile; fileRef = 18E2CD5D1D4F821900748868 /* CoreMedia.framework */; };
		18E2CD601D4F822700748868 /* AudioToolbox.framework in Frameworks */ = {isa = PBXBuildFile; fileRef = 18E2CD5F1D4F822700748868 /* AudioToolbox.framework */; };
		18E2CD621D4F823200748868 /* AVFoundation.framework in Frameworks */ = {isa = PBXBuildFile; fileRef = 18E2CD611D4F823200748868 /* AVFoundation.framework */; };
		18E2CD641D4F824A00748868 /* MobileCoreServices.framework in Frameworks */ = {isa = PBXBuildFile; fileRef = 18E2CD631D4F824A00748868 /* MobileCoreServices.framework */; };
		18E2CD661D4F827200748868 /* ImageIO.framework in Frameworks */ = {isa = PBXBuildFile; fileRef = 18E2CD651D4F827200748868 /* ImageIO.framework */; };
		18E2CD681D4F829C00748868 /* libc++.tbd in Frameworks */ = {isa = PBXBuildFile; fileRef = 18E2CD671D4F829C00748868 /* libc++.tbd */; };
		18E2CD6A1D4F82AC00748868 /* libz.tbd in Frameworks */ = {isa = PBXBuildFile; fileRef = 18E2CD691D4F82AC00748868 /* libz.tbd */; };
		18E2CD6C1D4F82C400748868 /* libstdc++.6.0.9.tbd in Frameworks */ = {isa = PBXBuildFile; fileRef = 18E2CD6B1D4F82C400748868 /* libstdc++.6.0.9.tbd */; };
		18E2CD6E1D4F82DC00748868 /* libsqlite3.tbd in Frameworks */ = {isa = PBXBuildFile; fileRef = 18E2CD6D1D4F82DC00748868 /* libsqlite3.tbd */; };
		18E2CD701D4F82EC00748868 /* libiconv.tbd in Frameworks */ = {isa = PBXBuildFile; fileRef = 18E2CD6F1D4F82EC00748868 /* libiconv.tbd */; };
		18E2CD721D4F8B1B00748868 /* SystemConfiguration.framework in Frameworks */ = {isa = PBXBuildFile; fileRef = 18E2CD711D4F8B1B00748868 /* SystemConfiguration.framework */; };
/* End PBXBuildFile section */

/* Begin PBXContainerItemProxy section */
		18E2CCDE1D4F495000748868 /* PBXContainerItemProxy */ = {
			isa = PBXContainerItemProxy;
			containerPortal = 18E2CCBC1D4F495000748868 /* Project object */;
			proxyType = 1;
			remoteGlobalIDString = 18E2CCC31D4F495000748868;
			remoteInfo = gchat;
		};
		18E2CCE91D4F495000748868 /* PBXContainerItemProxy */ = {
			isa = PBXContainerItemProxy;
			containerPortal = 18E2CCBC1D4F495000748868 /* Project object */;
			proxyType = 1;
			remoteGlobalIDString = 18E2CCC31D4F495000748868;
			remoteInfo = gchat;
		};
/* End PBXContainerItemProxy section */

/* Begin PBXFileReference section */
		183507671D5042330088935E /* GDWLoginViewController.h */ = {isa = PBXFileReference; fileEncoding = 4; lastKnownFileType = sourcecode.c.h; path = GDWLoginViewController.h; sourceTree = "<group>"; };
		183507681D5042330088935E /* GDWLoginViewController.m */ = {isa = PBXFileReference; fileEncoding = 4; lastKnownFileType = sourcecode.c.objc; path = GDWLoginViewController.m; sourceTree = "<group>"; };
		183507691D5042330088935E /* GDWLoginViewController.xib */ = {isa = PBXFileReference; fileEncoding = 4; lastKnownFileType = file.xib; path = GDWLoginViewController.xib; sourceTree = "<group>"; };
		1835076C1D5042FA0088935E /* LoginBackground@2x.png */ = {isa = PBXFileReference; lastKnownFileType = image.png; path = "LoginBackground@2x.png"; sourceTree = "<group>"; };
		1835076F1D5045D80088935E /* AFHTTPRequestOperation.h */ = {isa = PBXFileReference; fileEncoding = 4; lastKnownFileType = sourcecode.c.h; path = AFHTTPRequestOperation.h; sourceTree = "<group>"; };
		183507701D5045D80088935E /* AFHTTPRequestOperation.m */ = {isa = PBXFileReference; fileEncoding = 4; lastKnownFileType = sourcecode.c.objc; path = AFHTTPRequestOperation.m; sourceTree = "<group>"; };
		183507711D5045D80088935E /* AFHTTPRequestOperationManager.h */ = {isa = PBXFileReference; fileEncoding = 4; lastKnownFileType = sourcecode.c.h; path = AFHTTPRequestOperationManager.h; sourceTree = "<group>"; };
		183507721D5045D80088935E /* AFHTTPRequestOperationManager.m */ = {isa = PBXFileReference; fileEncoding = 4; lastKnownFileType = sourcecode.c.objc; path = AFHTTPRequestOperationManager.m; sourceTree = "<group>"; };
		183507731D5045D80088935E /* AFHTTPSessionManager.h */ = {isa = PBXFileReference; fileEncoding = 4; lastKnownFileType = sourcecode.c.h; path = AFHTTPSessionManager.h; sourceTree = "<group>"; };
		183507741D5045D80088935E /* AFHTTPSessionManager.m */ = {isa = PBXFileReference; fileEncoding = 4; lastKnownFileType = sourcecode.c.objc; path = AFHTTPSessionManager.m; sourceTree = "<group>"; };
		183507751D5045D80088935E /* AFNetworking.h */ = {isa = PBXFileReference; fileEncoding = 4; lastKnownFileType = sourcecode.c.h; path = AFNetworking.h; sourceTree = "<group>"; };
		183507761D5045D80088935E /* AFNetworkReachabilityManager.h */ = {isa = PBXFileReference; fileEncoding = 4; lastKnownFileType = sourcecode.c.h; path = AFNetworkReachabilityManager.h; sourceTree = "<group>"; };
		183507771D5045D80088935E /* AFNetworkReachabilityManager.m */ = {isa = PBXFileReference; fileEncoding = 4; lastKnownFileType = sourcecode.c.objc; path = AFNetworkReachabilityManager.m; sourceTree = "<group>"; };
		183507781D5045D80088935E /* AFSecurityPolicy.h */ = {isa = PBXFileReference; fileEncoding = 4; lastKnownFileType = sourcecode.c.h; path = AFSecurityPolicy.h; sourceTree = "<group>"; };
		183507791D5045D80088935E /* AFSecurityPolicy.m */ = {isa = PBXFileReference; fileEncoding = 4; lastKnownFileType = sourcecode.c.objc; path = AFSecurityPolicy.m; sourceTree = "<group>"; };
		1835077A1D5045D80088935E /* AFURLConnectionOperation.h */ = {isa = PBXFileReference; fileEncoding = 4; lastKnownFileType = sourcecode.c.h; path = AFURLConnectionOperation.h; sourceTree = "<group>"; };
		1835077B1D5045D80088935E /* AFURLConnectionOperation.m */ = {isa = PBXFileReference; fileEncoding = 4; lastKnownFileType = sourcecode.c.objc; path = AFURLConnectionOperation.m; sourceTree = "<group>"; };
		1835077C1D5045D80088935E /* AFURLRequestSerialization.h */ = {isa = PBXFileReference; fileEncoding = 4; lastKnownFileType = sourcecode.c.h; path = AFURLRequestSerialization.h; sourceTree = "<group>"; };
		1835077D1D5045D80088935E /* AFURLRequestSerialization.m */ = {isa = PBXFileReference; fileEncoding = 4; lastKnownFileType = sourcecode.c.objc; path = AFURLRequestSerialization.m; sourceTree = "<group>"; };
		1835077E1D5045D80088935E /* AFURLResponseSerialization.h */ = {isa = PBXFileReference; fileEncoding = 4; lastKnownFileType = sourcecode.c.h; path = AFURLResponseSerialization.h; sourceTree = "<group>"; };
		1835077F1D5045D80088935E /* AFURLResponseSerialization.m */ = {isa = PBXFileReference; fileEncoding = 4; lastKnownFileType = sourcecode.c.objc; path = AFURLResponseSerialization.m; sourceTree = "<group>"; };
		183507801D5045D80088935E /* AFURLSessionManager.h */ = {isa = PBXFileReference; fileEncoding = 4; lastKnownFileType = sourcecode.c.h; path = AFURLSessionManager.h; sourceTree = "<group>"; };
		183507811D5045D80088935E /* AFURLSessionManager.m */ = {isa = PBXFileReference; fileEncoding = 4; lastKnownFileType = sourcecode.c.objc; path = AFURLSessionManager.m; sourceTree = "<group>"; };
		183507831D5045D80088935E /* MJDictionaryCache.h */ = {isa = PBXFileReference; fileEncoding = 4; lastKnownFileType = sourcecode.c.h; path = MJDictionaryCache.h; sourceTree = "<group>"; };
		183507841D5045D80088935E /* MJDictionaryCache.m */ = {isa = PBXFileReference; fileEncoding = 4; lastKnownFileType = sourcecode.c.objc; path = MJDictionaryCache.m; sourceTree = "<group>"; };
		183507851D5045D80088935E /* MJExtension.h */ = {isa = PBXFileReference; fileEncoding = 4; lastKnownFileType = sourcecode.c.h; path = MJExtension.h; sourceTree = "<group>"; };
		183507861D5045D80088935E /* MJExtensionConst.h */ = {isa = PBXFileReference; fileEncoding = 4; lastKnownFileType = sourcecode.c.h; path = MJExtensionConst.h; sourceTree = "<group>"; };
		183507871D5045D80088935E /* MJExtensionConst.m */ = {isa = PBXFileReference; fileEncoding = 4; lastKnownFileType = sourcecode.c.objc; path = MJExtensionConst.m; sourceTree = "<group>"; };
		183507881D5045D80088935E /* MJFoundation.h */ = {isa = PBXFileReference; fileEncoding = 4; lastKnownFileType = sourcecode.c.h; path = MJFoundation.h; sourceTree = "<group>"; };
		183507891D5045D80088935E /* MJFoundation.m */ = {isa = PBXFileReference; fileEncoding = 4; lastKnownFileType = sourcecode.c.objc; path = MJFoundation.m; sourceTree = "<group>"; };
		1835078A1D5045D80088935E /* MJProperty.h */ = {isa = PBXFileReference; fileEncoding = 4; lastKnownFileType = sourcecode.c.h; path = MJProperty.h; sourceTree = "<group>"; };
		1835078B1D5045D80088935E /* MJProperty.m */ = {isa = PBXFileReference; fileEncoding = 4; lastKnownFileType = sourcecode.c.objc; path = MJProperty.m; sourceTree = "<group>"; };
		1835078C1D5045D80088935E /* MJPropertyKey.h */ = {isa = PBXFileReference; fileEncoding = 4; lastKnownFileType = sourcecode.c.h; path = MJPropertyKey.h; sourceTree = "<group>"; };
		1835078D1D5045D80088935E /* MJPropertyKey.m */ = {isa = PBXFileReference; fileEncoding = 4; lastKnownFileType = sourcecode.c.objc; path = MJPropertyKey.m; sourceTree = "<group>"; };
		1835078E1D5045D80088935E /* MJPropertyType.h */ = {isa = PBXFileReference; fileEncoding = 4; lastKnownFileType = sourcecode.c.h; path = MJPropertyType.h; sourceTree = "<group>"; };
		1835078F1D5045D80088935E /* MJPropertyType.m */ = {isa = PBXFileReference; fileEncoding = 4; lastKnownFileType = sourcecode.c.objc; path = MJPropertyType.m; sourceTree = "<group>"; };
		183507921D5045D80088935E /* MJRefreshAutoFooter.h */ = {isa = PBXFileReference; fileEncoding = 4; lastKnownFileType = sourcecode.c.h; path = MJRefreshAutoFooter.h; sourceTree = "<group>"; };
		183507931D5045D80088935E /* MJRefreshAutoFooter.m */ = {isa = PBXFileReference; fileEncoding = 4; lastKnownFileType = sourcecode.c.objc; path = MJRefreshAutoFooter.m; sourceTree = "<group>"; };
		183507941D5045D80088935E /* MJRefreshBackFooter.h */ = {isa = PBXFileReference; fileEncoding = 4; lastKnownFileType = sourcecode.c.h; path = MJRefreshBackFooter.h; sourceTree = "<group>"; };
		183507951D5045D80088935E /* MJRefreshBackFooter.m */ = {isa = PBXFileReference; fileEncoding = 4; lastKnownFileType = sourcecode.c.objc; path = MJRefreshBackFooter.m; sourceTree = "<group>"; };
		183507961D5045D80088935E /* MJRefreshComponent.h */ = {isa = PBXFileReference; fileEncoding = 4; lastKnownFileType = sourcecode.c.h; path = MJRefreshComponent.h; sourceTree = "<group>"; };
		183507971D5045D80088935E /* MJRefreshComponent.m */ = {isa = PBXFileReference; fileEncoding = 4; lastKnownFileType = sourcecode.c.objc; path = MJRefreshComponent.m; sourceTree = "<group>"; };
		183507981D5045D80088935E /* MJRefreshFooter.h */ = {isa = PBXFileReference; fileEncoding = 4; lastKnownFileType = sourcecode.c.h; path = MJRefreshFooter.h; sourceTree = "<group>"; };
		183507991D5045D80088935E /* MJRefreshFooter.m */ = {isa = PBXFileReference; fileEncoding = 4; lastKnownFileType = sourcecode.c.objc; path = MJRefreshFooter.m; sourceTree = "<group>"; };
		1835079A1D5045D80088935E /* MJRefreshHeader.h */ = {isa = PBXFileReference; fileEncoding = 4; lastKnownFileType = sourcecode.c.h; path = MJRefreshHeader.h; sourceTree = "<group>"; };
		1835079B1D5045D80088935E /* MJRefreshHeader.m */ = {isa = PBXFileReference; fileEncoding = 4; lastKnownFileType = sourcecode.c.objc; path = MJRefreshHeader.m; sourceTree = "<group>"; };
		1835079F1D5045D80088935E /* MJRefreshAutoGifFooter.h */ = {isa = PBXFileReference; fileEncoding = 4; lastKnownFileType = sourcecode.c.h; path = MJRefreshAutoGifFooter.h; sourceTree = "<group>"; };
		183507A01D5045D80088935E /* MJRefreshAutoGifFooter.m */ = {isa = PBXFileReference; fileEncoding = 4; lastKnownFileType = sourcecode.c.objc; path = MJRefreshAutoGifFooter.m; sourceTree = "<group>"; };
		183507A11D5045D80088935E /* MJRefreshAutoNormalFooter.h */ = {isa = PBXFileReference; fileEncoding = 4; lastKnownFileType = sourcecode.c.h; path = MJRefreshAutoNormalFooter.h; sourceTree = "<group>"; };
		183507A21D5045D80088935E /* MJRefreshAutoNormalFooter.m */ = {isa = PBXFileReference; fileEncoding = 4; lastKnownFileType = sourcecode.c.objc; path = MJRefreshAutoNormalFooter.m; sourceTree = "<group>"; };
		183507A31D5045D80088935E /* MJRefreshAutoStateFooter.h */ = {isa = PBXFileReference; fileEncoding = 4; lastKnownFileType = sourcecode.c.h; path = MJRefreshAutoStateFooter.h; sourceTree = "<group>"; };
		183507A41D5045D80088935E /* MJRefreshAutoStateFooter.m */ = {isa = PBXFileReference; fileEncoding = 4; lastKnownFileType = sourcecode.c.objc; path = MJRefreshAutoStateFooter.m; sourceTree = "<group>"; };
		183507A61D5045D80088935E /* MJRefreshBackGifFooter.h */ = {isa = PBXFileReference; fileEncoding = 4; lastKnownFileType = sourcecode.c.h; path = MJRefreshBackGifFooter.h; sourceTree = "<group>"; };
		183507A71D5045D80088935E /* MJRefreshBackGifFooter.m */ = {isa = PBXFileReference; fileEncoding = 4; lastKnownFileType = sourcecode.c.objc; path = MJRefreshBackGifFooter.m; sourceTree = "<group>"; };
		183507A81D5045D80088935E /* MJRefreshBackNormalFooter.h */ = {isa = PBXFileReference; fileEncoding = 4; lastKnownFileType = sourcecode.c.h; path = MJRefreshBackNormalFooter.h; sourceTree = "<group>"; };
		183507A91D5045D80088935E /* MJRefreshBackNormalFooter.m */ = {isa = PBXFileReference; fileEncoding = 4; lastKnownFileType = sourcecode.c.objc; path = MJRefreshBackNormalFooter.m; sourceTree = "<group>"; };
		183507AA1D5045D80088935E /* MJRefreshBackStateFooter.h */ = {isa = PBXFileReference; fileEncoding = 4; lastKnownFileType = sourcecode.c.h; path = MJRefreshBackStateFooter.h; sourceTree = "<group>"; };
		183507AB1D5045D80088935E /* MJRefreshBackStateFooter.m */ = {isa = PBXFileReference; fileEncoding = 4; lastKnownFileType = sourcecode.c.objc; path = MJRefreshBackStateFooter.m; sourceTree = "<group>"; };
		183507AD1D5045D80088935E /* MJRefreshGifHeader.h */ = {isa = PBXFileReference; fileEncoding = 4; lastKnownFileType = sourcecode.c.h; path = MJRefreshGifHeader.h; sourceTree = "<group>"; };
		183507AE1D5045D80088935E /* MJRefreshGifHeader.m */ = {isa = PBXFileReference; fileEncoding = 4; lastKnownFileType = sourcecode.c.objc; path = MJRefreshGifHeader.m; sourceTree = "<group>"; };
		183507AF1D5045D80088935E /* MJRefreshNormalHeader.h */ = {isa = PBXFileReference; fileEncoding = 4; lastKnownFileType = sourcecode.c.h; path = MJRefreshNormalHeader.h; sourceTree = "<group>"; };
		183507B01D5045D80088935E /* MJRefreshNormalHeader.m */ = {isa = PBXFileReference; fileEncoding = 4; lastKnownFileType = sourcecode.c.objc; path = MJRefreshNormalHeader.m; sourceTree = "<group>"; };
		183507B11D5045D80088935E /* MJRefreshStateHeader.h */ = {isa = PBXFileReference; fileEncoding = 4; lastKnownFileType = sourcecode.c.h; path = MJRefreshStateHeader.h; sourceTree = "<group>"; };
		183507B21D5045D80088935E /* MJRefreshStateHeader.m */ = {isa = PBXFileReference; fileEncoding = 4; lastKnownFileType = sourcecode.c.objc; path = MJRefreshStateHeader.m; sourceTree = "<group>"; };
		183507B31D5045D80088935E /* MJRefresh.bundle */ = {isa = PBXFileReference; lastKnownFileType = "wrapper.plug-in"; path = MJRefresh.bundle; sourceTree = "<group>"; };
		183507B41D5045D80088935E /* MJRefresh.h */ = {isa = PBXFileReference; fileEncoding = 4; lastKnownFileType = sourcecode.c.h; path = MJRefresh.h; sourceTree = "<group>"; };
		183507B51D5045D80088935E /* MJRefreshConst.h */ = {isa = PBXFileReference; fileEncoding = 4; lastKnownFileType = sourcecode.c.h; path = MJRefreshConst.h; sourceTree = "<group>"; };
		183507B61D5045D80088935E /* MJRefreshConst.m */ = {isa = PBXFileReference; fileEncoding = 4; lastKnownFileType = sourcecode.c.objc; path = MJRefreshConst.m; sourceTree = "<group>"; };
		183507B71D5045D80088935E /* UIScrollView+MJExtension.h */ = {isa = PBXFileReference; fileEncoding = 4; lastKnownFileType = sourcecode.c.h; path = "UIScrollView+MJExtension.h"; sourceTree = "<group>"; };
		183507B81D5045D80088935E /* UIScrollView+MJExtension.m */ = {isa = PBXFileReference; fileEncoding = 4; lastKnownFileType = sourcecode.c.objc; path = "UIScrollView+MJExtension.m"; sourceTree = "<group>"; };
		183507B91D5045D80088935E /* UIScrollView+MJRefresh.h */ = {isa = PBXFileReference; fileEncoding = 4; lastKnownFileType = sourcecode.c.h; path = "UIScrollView+MJRefresh.h"; sourceTree = "<group>"; };
		183507BA1D5045D80088935E /* UIScrollView+MJRefresh.m */ = {isa = PBXFileReference; fileEncoding = 4; lastKnownFileType = sourcecode.c.objc; path = "UIScrollView+MJRefresh.m"; sourceTree = "<group>"; };
		183507BB1D5045D80088935E /* UIView+MJExtension.h */ = {isa = PBXFileReference; fileEncoding = 4; lastKnownFileType = sourcecode.c.h; path = "UIView+MJExtension.h"; sourceTree = "<group>"; };
		183507BC1D5045D80088935E /* UIView+MJExtension.m */ = {isa = PBXFileReference; fileEncoding = 4; lastKnownFileType = sourcecode.c.objc; path = "UIView+MJExtension.m"; sourceTree = "<group>"; };
		183507BD1D5045D80088935E /* NSObject+MJClass.h */ = {isa = PBXFileReference; fileEncoding = 4; lastKnownFileType = sourcecode.c.h; path = "NSObject+MJClass.h"; sourceTree = "<group>"; };
		183507BE1D5045D80088935E /* NSObject+MJClass.m */ = {isa = PBXFileReference; fileEncoding = 4; lastKnownFileType = sourcecode.c.objc; path = "NSObject+MJClass.m"; sourceTree = "<group>"; };
		183507BF1D5045D80088935E /* NSObject+MJCoding.h */ = {isa = PBXFileReference; fileEncoding = 4; lastKnownFileType = sourcecode.c.h; path = "NSObject+MJCoding.h"; sourceTree = "<group>"; };
		183507C01D5045D80088935E /* NSObject+MJCoding.m */ = {isa = PBXFileReference; fileEncoding = 4; lastKnownFileType = sourcecode.c.objc; path = "NSObject+MJCoding.m"; sourceTree = "<group>"; };
		183507C11D5045D80088935E /* NSObject+MJKeyValue.h */ = {isa = PBXFileReference; fileEncoding = 4; lastKnownFileType = sourcecode.c.h; path = "NSObject+MJKeyValue.h"; sourceTree = "<group>"; };
		183507C21D5045D80088935E /* NSObject+MJKeyValue.m */ = {isa = PBXFileReference; fileEncoding = 4; lastKnownFileType = sourcecode.c.objc; path = "NSObject+MJKeyValue.m"; sourceTree = "<group>"; };
		183507C31D5045D80088935E /* NSObject+MJProperty.h */ = {isa = PBXFileReference; fileEncoding = 4; lastKnownFileType = sourcecode.c.h; path = "NSObject+MJProperty.h"; sourceTree = "<group>"; };
		183507C41D5045D80088935E /* NSObject+MJProperty.m */ = {isa = PBXFileReference; fileEncoding = 4; lastKnownFileType = sourcecode.c.objc; path = "NSObject+MJProperty.m"; sourceTree = "<group>"; };
		183507C51D5045D80088935E /* NSString+MJExtension.h */ = {isa = PBXFileReference; fileEncoding = 4; lastKnownFileType = sourcecode.c.h; path = "NSString+MJExtension.h"; sourceTree = "<group>"; };
		183507C61D5045D80088935E /* NSString+MJExtension.m */ = {isa = PBXFileReference; fileEncoding = 4; lastKnownFileType = sourcecode.c.objc; path = "NSString+MJExtension.m"; sourceTree = "<group>"; };
		183507C81D5045D80088935E /* NSData+ImageContentType.h */ = {isa = PBXFileReference; fileEncoding = 4; lastKnownFileType = sourcecode.c.h; path = "NSData+ImageContentType.h"; sourceTree = "<group>"; };
		183507C91D5045D80088935E /* NSData+ImageContentType.m */ = {isa = PBXFileReference; fileEncoding = 4; lastKnownFileType = sourcecode.c.objc; path = "NSData+ImageContentType.m"; sourceTree = "<group>"; };
		183507CA1D5045D80088935E /* SDImageCache.h */ = {isa = PBXFileReference; fileEncoding = 4; lastKnownFileType = sourcecode.c.h; path = SDImageCache.h; sourceTree = "<group>"; };
		183507CB1D5045D80088935E /* SDImageCache.m */ = {isa = PBXFileReference; fileEncoding = 4; lastKnownFileType = sourcecode.c.objc; path = SDImageCache.m; sourceTree = "<group>"; };
		183507CC1D5045D80088935E /* SDWebImageCompat.h */ = {isa = PBXFileReference; fileEncoding = 4; lastKnownFileType = sourcecode.c.h; path = SDWebImageCompat.h; sourceTree = "<group>"; };
		183507CD1D5045D80088935E /* SDWebImageCompat.m */ = {isa = PBXFileReference; fileEncoding = 4; lastKnownFileType = sourcecode.c.objc; path = SDWebImageCompat.m; sourceTree = "<group>"; };
		183507CE1D5045D80088935E /* SDWebImageDecoder.h */ = {isa = PBXFileReference; fileEncoding = 4; lastKnownFileType = sourcecode.c.h; path = SDWebImageDecoder.h; sourceTree = "<group>"; };
		183507CF1D5045D80088935E /* SDWebImageDecoder.m */ = {isa = PBXFileReference; fileEncoding = 4; lastKnownFileType = sourcecode.c.objc; path = SDWebImageDecoder.m; sourceTree = "<group>"; };
		183507D01D5045D80088935E /* SDWebImageDownloader.h */ = {isa = PBXFileReference; fileEncoding = 4; lastKnownFileType = sourcecode.c.h; path = SDWebImageDownloader.h; sourceTree = "<group>"; };
		183507D11D5045D80088935E /* SDWebImageDownloader.m */ = {isa = PBXFileReference; fileEncoding = 4; lastKnownFileType = sourcecode.c.objc; path = SDWebImageDownloader.m; sourceTree = "<group>"; };
		183507D21D5045D80088935E /* SDWebImageDownloaderOperation.h */ = {isa = PBXFileReference; fileEncoding = 4; lastKnownFileType = sourcecode.c.h; path = SDWebImageDownloaderOperation.h; sourceTree = "<group>"; };
		183507D31D5045D80088935E /* SDWebImageDownloaderOperation.m */ = {isa = PBXFileReference; fileEncoding = 4; lastKnownFileType = sourcecode.c.objc; path = SDWebImageDownloaderOperation.m; sourceTree = "<group>"; };
		183507D41D5045D80088935E /* SDWebImageManager.h */ = {isa = PBXFileReference; fileEncoding = 4; lastKnownFileType = sourcecode.c.h; path = SDWebImageManager.h; sourceTree = "<group>"; };
		183507D51D5045D80088935E /* SDWebImageManager.m */ = {isa = PBXFileReference; fileEncoding = 4; lastKnownFileType = sourcecode.c.objc; path = SDWebImageManager.m; sourceTree = "<group>"; };
		183507D61D5045D80088935E /* SDWebImageOperation.h */ = {isa = PBXFileReference; fileEncoding = 4; lastKnownFileType = sourcecode.c.h; path = SDWebImageOperation.h; sourceTree = "<group>"; };
		183507D71D5045D80088935E /* SDWebImagePrefetcher.h */ = {isa = PBXFileReference; fileEncoding = 4; lastKnownFileType = sourcecode.c.h; path = SDWebImagePrefetcher.h; sourceTree = "<group>"; };
		183507D81D5045D80088935E /* SDWebImagePrefetcher.m */ = {isa = PBXFileReference; fileEncoding = 4; lastKnownFileType = sourcecode.c.objc; path = SDWebImagePrefetcher.m; sourceTree = "<group>"; };
		183507D91D5045D80088935E /* UIButton+WebCache.h */ = {isa = PBXFileReference; fileEncoding = 4; lastKnownFileType = sourcecode.c.h; path = "UIButton+WebCache.h"; sourceTree = "<group>"; };
		183507DA1D5045D80088935E /* UIButton+WebCache.m */ = {isa = PBXFileReference; fileEncoding = 4; lastKnownFileType = sourcecode.c.objc; path = "UIButton+WebCache.m"; sourceTree = "<group>"; };
		183507DB1D5045D80088935E /* UIImage+GIF.h */ = {isa = PBXFileReference; fileEncoding = 4; lastKnownFileType = sourcecode.c.h; path = "UIImage+GIF.h"; sourceTree = "<group>"; };
		183507DC1D5045D80088935E /* UIImage+GIF.m */ = {isa = PBXFileReference; fileEncoding = 4; lastKnownFileType = sourcecode.c.objc; path = "UIImage+GIF.m"; sourceTree = "<group>"; };
		183507DD1D5045D80088935E /* UIImage+MultiFormat.h */ = {isa = PBXFileReference; fileEncoding = 4; lastKnownFileType = sourcecode.c.h; path = "UIImage+MultiFormat.h"; sourceTree = "<group>"; };
		183507DE1D5045D80088935E /* UIImage+MultiFormat.m */ = {isa = PBXFileReference; fileEncoding = 4; lastKnownFileType = sourcecode.c.objc; path = "UIImage+MultiFormat.m"; sourceTree = "<group>"; };
		183507DF1D5045D80088935E /* UIImageView+HighlightedWebCache.h */ = {isa = PBXFileReference; fileEncoding = 4; lastKnownFileType = sourcecode.c.h; path = "UIImageView+HighlightedWebCache.h"; sourceTree = "<group>"; };
		183507E01D5045D80088935E /* UIImageView+HighlightedWebCache.m */ = {isa = PBXFileReference; fileEncoding = 4; lastKnownFileType = sourcecode.c.objc; path = "UIImageView+HighlightedWebCache.m"; sourceTree = "<group>"; };
		183507E11D5045D80088935E /* UIImageView+WebCache.h */ = {isa = PBXFileReference; fileEncoding = 4; lastKnownFileType = sourcecode.c.h; path = "UIImageView+WebCache.h"; sourceTree = "<group>"; };
		183507E21D5045D80088935E /* UIImageView+WebCache.m */ = {isa = PBXFileReference; fileEncoding = 4; lastKnownFileType = sourcecode.c.objc; path = "UIImageView+WebCache.m"; sourceTree = "<group>"; };
		183507E31D5045D80088935E /* UIView+WebCacheOperation.h */ = {isa = PBXFileReference; fileEncoding = 4; lastKnownFileType = sourcecode.c.h; path = "UIView+WebCacheOperation.h"; sourceTree = "<group>"; };
		183507E41D5045D80088935E /* UIView+WebCacheOperation.m */ = {isa = PBXFileReference; fileEncoding = 4; lastKnownFileType = sourcecode.c.objc; path = "UIView+WebCacheOperation.m"; sourceTree = "<group>"; };
		1835086C1D5048040088935E /* MBProgressHUD+Add.h */ = {isa = PBXFileReference; fileEncoding = 4; lastKnownFileType = sourcecode.c.h; path = "MBProgressHUD+Add.h"; sourceTree = "<group>"; };
		1835086D1D5048040088935E /* MBProgressHUD+Add.m */ = {isa = PBXFileReference; fileEncoding = 4; lastKnownFileType = sourcecode.c.objc; path = "MBProgressHUD+Add.m"; sourceTree = "<group>"; };
		1835086E1D5048040088935E /* MBProgressHUD.bundle */ = {isa = PBXFileReference; lastKnownFileType = "wrapper.plug-in"; path = MBProgressHUD.bundle; sourceTree = "<group>"; };
		1835086F1D5048040088935E /* MBProgressHUD.h */ = {isa = PBXFileReference; fileEncoding = 4; lastKnownFileType = sourcecode.c.h; path = MBProgressHUD.h; sourceTree = "<group>"; };
		183508701D5048040088935E /* MBProgressHUD.m */ = {isa = PBXFileReference; fileEncoding = 4; lastKnownFileType = sourcecode.c.objc; path = MBProgressHUD.m; sourceTree = "<group>"; };
		183508751D504A220088935E /* GDWDataBaseTool.h */ = {isa = PBXFileReference; fileEncoding = 4; lastKnownFileType = sourcecode.c.h; path = GDWDataBaseTool.h; sourceTree = "<group>"; };
		183508761D504A220088935E /* GDWDataBaseTool.m */ = {isa = PBXFileReference; fileEncoding = 4; lastKnownFileType = sourcecode.c.objc; path = GDWDataBaseTool.m; sourceTree = "<group>"; };
		183508791D504BA30088935E /* GDWConst.h */ = {isa = PBXFileReference; fileEncoding = 4; lastKnownFileType = sourcecode.c.h; path = GDWConst.h; sourceTree = "<group>"; };
		1835087A1D504BA30088935E /* GDWConst.m */ = {isa = PBXFileReference; fileEncoding = 4; lastKnownFileType = sourcecode.c.objc; path = GDWConst.m; sourceTree = "<group>"; };
		1835087E1D5086200088935E /* EMAlertView.h */ = {isa = PBXFileReference; fileEncoding = 4; lastKnownFileType = sourcecode.c.h; path = EMAlertView.h; sourceTree = "<group>"; };
		1835087F1D5086200088935E /* EMAlertView.m */ = {isa = PBXFileReference; fileEncoding = 4; lastKnownFileType = sourcecode.c.objc; path = EMAlertView.m; sourceTree = "<group>"; };
		18E2CCC41D4F495000748868 /* gchat.app */ = {isa = PBXFileReference; explicitFileType = wrapper.application; includeInIndex = 0; path = gchat.app; sourceTree = BUILT_PRODUCTS_DIR; };
		18E2CCC81D4F495000748868 /* main.m */ = {isa = PBXFileReference; lastKnownFileType = sourcecode.c.objc; path = main.m; sourceTree = "<group>"; };
		18E2CCCA1D4F495000748868 /* AppDelegate.h */ = {isa = PBXFileReference; lastKnownFileType = sourcecode.c.h; path = AppDelegate.h; sourceTree = "<group>"; };
		18E2CCCB1D4F495000748868 /* AppDelegate.m */ = {isa = PBXFileReference; lastKnownFileType = sourcecode.c.objc; path = AppDelegate.m; sourceTree = "<group>"; };
		18E2CCD11D4F495000748868 /* Base */ = {isa = PBXFileReference; lastKnownFileType = file.storyboard; name = Base; path = Base.lproj/Main.storyboard; sourceTree = "<group>"; };
		18E2CCD31D4F495000748868 /* Assets.xcassets */ = {isa = PBXFileReference; lastKnownFileType = folder.assetcatalog; path = Assets.xcassets; sourceTree = "<group>"; };
		18E2CCD61D4F495000748868 /* Base */ = {isa = PBXFileReference; lastKnownFileType = file.storyboard; name = Base; path = Base.lproj/LaunchScreen.storyboard; sourceTree = "<group>"; };
		18E2CCD81D4F495000748868 /* Info.plist */ = {isa = PBXFileReference; lastKnownFileType = text.plist.xml; path = Info.plist; sourceTree = "<group>"; };
		18E2CCDD1D4F495000748868 /* gchatTests.xctest */ = {isa = PBXFileReference; explicitFileType = wrapper.cfbundle; includeInIndex = 0; path = gchatTests.xctest; sourceTree = BUILT_PRODUCTS_DIR; };
		18E2CCE11D4F495000748868 /* gchatTests.m */ = {isa = PBXFileReference; lastKnownFileType = sourcecode.c.objc; path = gchatTests.m; sourceTree = "<group>"; };
		18E2CCE31D4F495000748868 /* Info.plist */ = {isa = PBXFileReference; lastKnownFileType = text.plist.xml; path = Info.plist; sourceTree = "<group>"; };
		18E2CCE81D4F495000748868 /* gchatUITests.xctest */ = {isa = PBXFileReference; explicitFileType = wrapper.cfbundle; includeInIndex = 0; path = gchatUITests.xctest; sourceTree = BUILT_PRODUCTS_DIR; };
		18E2CCEC1D4F495000748868 /* gchatUITests.m */ = {isa = PBXFileReference; lastKnownFileType = sourcecode.c.objc; path = gchatUITests.m; sourceTree = "<group>"; };
		18E2CCEE1D4F495000748868 /* Info.plist */ = {isa = PBXFileReference; lastKnownFileType = text.plist.xml; path = Info.plist; sourceTree = "<group>"; };
		18E2CD001D4F54C000748868 /* GDWTabBarController.h */ = {isa = PBXFileReference; fileEncoding = 4; lastKnownFileType = sourcecode.c.h; path = GDWTabBarController.h; sourceTree = "<group>"; };
		18E2CD011D4F54C000748868 /* GDWTabBarController.m */ = {isa = PBXFileReference; fileEncoding = 4; lastKnownFileType = sourcecode.c.objc; path = GDWTabBarController.m; sourceTree = "<group>"; };
		18E2CD031D4F550A00748868 /* GDWNavigationController.h */ = {isa = PBXFileReference; fileEncoding = 4; lastKnownFileType = sourcecode.c.h; path = GDWNavigationController.h; sourceTree = "<group>"; };
		18E2CD041D4F550A00748868 /* GDWNavigationController.m */ = {isa = PBXFileReference; fileEncoding = 4; lastKnownFileType = sourcecode.c.objc; path = GDWNavigationController.m; sourceTree = "<group>"; };
		18E2CD1E1D4F58CF00748868 /* GDWConversationController.h */ = {isa = PBXFileReference; fileEncoding = 4; lastKnownFileType = sourcecode.c.h; path = GDWConversationController.h; sourceTree = "<group>"; };
		18E2CD1F1D4F58CF00748868 /* GDWConversationController.m */ = {isa = PBXFileReference; fileEncoding = 4; lastKnownFileType = sourcecode.c.objc; path = GDWConversationController.m; sourceTree = "<group>"; };
		18E2CD211D4F58FD00748868 /* GDWContactController.h */ = {isa = PBXFileReference; fileEncoding = 4; lastKnownFileType = sourcecode.c.h; path = GDWContactController.h; sourceTree = "<group>"; };
		18E2CD221D4F58FD00748868 /* GDWContactController.m */ = {isa = PBXFileReference; fileEncoding = 4; lastKnownFileType = sourcecode.c.objc; path = GDWContactController.m; sourceTree = "<group>"; };
		18E2CD241D4F592300748868 /* GDWDiscoverController.h */ = {isa = PBXFileReference; fileEncoding = 4; lastKnownFileType = sourcecode.c.h; path = GDWDiscoverController.h; sourceTree = "<group>"; };
		18E2CD251D4F592300748868 /* GDWDiscoverController.m */ = {isa = PBXFileReference; fileEncoding = 4; lastKnownFileType = sourcecode.c.objc; path = GDWDiscoverController.m; sourceTree = "<group>"; };
		18E2CD271D4F595400748868 /* GDWMeViewController.h */ = {isa = PBXFileReference; fileEncoding = 4; lastKnownFileType = sourcecode.c.h; path = GDWMeViewController.h; sourceTree = "<group>"; };
		18E2CD281D4F595400748868 /* GDWMeViewController.m */ = {isa = PBXFileReference; fileEncoding = 4; lastKnownFileType = sourcecode.c.objc; path = GDWMeViewController.m; sourceTree = "<group>"; };
		18E2CD2A1D4F5A5D00748868 /* PrefixHeader.pch */ = {isa = PBXFileReference; fileEncoding = 4; lastKnownFileType = sourcecode.c.h; path = PrefixHeader.pch; sourceTree = "<group>"; };
		18E2CD2D1D4F80BA00748868 /* EMCallLocalView.h */ = {isa = PBXFileReference; fileEncoding = 4; lastKnownFileType = sourcecode.c.h; path = EMCallLocalView.h; sourceTree = "<group>"; };
		18E2CD2E1D4F80BA00748868 /* EMCallManagerDelegate.h */ = {isa = PBXFileReference; fileEncoding = 4; lastKnownFileType = sourcecode.c.h; path = EMCallManagerDelegate.h; sourceTree = "<group>"; };
		18E2CD2F1D4F80BA00748868 /* EMCallRemoteView.h */ = {isa = PBXFileReference; fileEncoding = 4; lastKnownFileType = sourcecode.c.h; path = EMCallRemoteView.h; sourceTree = "<group>"; };
		18E2CD301D4F80BA00748868 /* EMCallSession.h */ = {isa = PBXFileReference; fileEncoding = 4; lastKnownFileType = sourcecode.c.h; path = EMCallSession.h; sourceTree = "<group>"; };
		18E2CD311D4F80BA00748868 /* EMChatManagerDelegate.h */ = {isa = PBXFileReference; fileEncoding = 4; lastKnownFileType = sourcecode.c.h; path = EMChatManagerDelegate.h; sourceTree = "<group>"; };
		18E2CD321D4F80BA00748868 /* EMChatroom.h */ = {isa = PBXFileReference; fileEncoding = 4; lastKnownFileType = sourcecode.c.h; path = EMChatroom.h; sourceTree = "<group>"; };
		18E2CD331D4F80BA00748868 /* EMChatroomManagerDelegate.h */ = {isa = PBXFileReference; fileEncoding = 4; lastKnownFileType = sourcecode.c.h; path = EMChatroomManagerDelegate.h; sourceTree = "<group>"; };
		18E2CD341D4F80BA00748868 /* EMClient+Call.h */ = {isa = PBXFileReference; fileEncoding = 4; lastKnownFileType = sourcecode.c.h; path = "EMClient+Call.h"; sourceTree = "<group>"; };
		18E2CD351D4F80BA00748868 /* EMClient.h */ = {isa = PBXFileReference; fileEncoding = 4; lastKnownFileType = sourcecode.c.h; path = EMClient.h; sourceTree = "<group>"; };
		18E2CD361D4F80BA00748868 /* EMClientDelegate.h */ = {isa = PBXFileReference; fileEncoding = 4; lastKnownFileType = sourcecode.c.h; path = EMClientDelegate.h; sourceTree = "<group>"; };
		18E2CD371D4F80BA00748868 /* EMCmdMessageBody.h */ = {isa = PBXFileReference; fileEncoding = 4; lastKnownFileType = sourcecode.c.h; path = EMCmdMessageBody.h; sourceTree = "<group>"; };
		18E2CD381D4F80BA00748868 /* EMContactManagerDelegate.h */ = {isa = PBXFileReference; fileEncoding = 4; lastKnownFileType = sourcecode.c.h; path = EMContactManagerDelegate.h; sourceTree = "<group>"; };
		18E2CD391D4F80BA00748868 /* EMConversation.h */ = {isa = PBXFileReference; fileEncoding = 4; lastKnownFileType = sourcecode.c.h; path = EMConversation.h; sourceTree = "<group>"; };
		18E2CD3A1D4F80BA00748868 /* EMCursorResult.h */ = {isa = PBXFileReference; fileEncoding = 4; lastKnownFileType = sourcecode.c.h; path = EMCursorResult.h; sourceTree = "<group>"; };
		18E2CD3B1D4F80BA00748868 /* EMError.h */ = {isa = PBXFileReference; fileEncoding = 4; lastKnownFileType = sourcecode.c.h; path = EMError.h; sourceTree = "<group>"; };
		18E2CD3C1D4F80BA00748868 /* EMErrorCode.h */ = {isa = PBXFileReference; fileEncoding = 4; lastKnownFileType = sourcecode.c.h; path = EMErrorCode.h; sourceTree = "<group>"; };
		18E2CD3D1D4F80BA00748868 /* EMFileMessageBody.h */ = {isa = PBXFileReference; fileEncoding = 4; lastKnownFileType = sourcecode.c.h; path = EMFileMessageBody.h; sourceTree = "<group>"; };
		18E2CD3E1D4F80BA00748868 /* EMGroup.h */ = {isa = PBXFileReference; fileEncoding = 4; lastKnownFileType = sourcecode.c.h; path = EMGroup.h; sourceTree = "<group>"; };
		18E2CD3F1D4F80BA00748868 /* EMGroupManagerDelegate.h */ = {isa = PBXFileReference; fileEncoding = 4; lastKnownFileType = sourcecode.c.h; path = EMGroupManagerDelegate.h; sourceTree = "<group>"; };
		18E2CD401D4F80BA00748868 /* EMGroupOptions.h */ = {isa = PBXFileReference; fileEncoding = 4; lastKnownFileType = sourcecode.c.h; path = EMGroupOptions.h; sourceTree = "<group>"; };
		18E2CD411D4F80BA00748868 /* EMImageMessageBody.h */ = {isa = PBXFileReference; fileEncoding = 4; lastKnownFileType = sourcecode.c.h; path = EMImageMessageBody.h; sourceTree = "<group>"; };
		18E2CD421D4F80BA00748868 /* EMLocationMessageBody.h */ = {isa = PBXFileReference; fileEncoding = 4; lastKnownFileType = sourcecode.c.h; path = EMLocationMessageBody.h; sourceTree = "<group>"; };
		18E2CD431D4F80BA00748868 /* EMMessage.h */ = {isa = PBXFileReference; fileEncoding = 4; lastKnownFileType = sourcecode.c.h; path = EMMessage.h; sourceTree = "<group>"; };
		18E2CD441D4F80BA00748868 /* EMMessageBody.h */ = {isa = PBXFileReference; fileEncoding = 4; lastKnownFileType = sourcecode.c.h; path = EMMessageBody.h; sourceTree = "<group>"; };
		18E2CD451D4F80BA00748868 /* EMOptions+PrivateDeploy.h */ = {isa = PBXFileReference; fileEncoding = 4; lastKnownFileType = sourcecode.c.h; path = "EMOptions+PrivateDeploy.h"; sourceTree = "<group>"; };
		18E2CD461D4F80BA00748868 /* EMOptions.h */ = {isa = PBXFileReference; fileEncoding = 4; lastKnownFileType = sourcecode.c.h; path = EMOptions.h; sourceTree = "<group>"; };
		18E2CD471D4F80BA00748868 /* EMPushOptions.h */ = {isa = PBXFileReference; fileEncoding = 4; lastKnownFileType = sourcecode.c.h; path = EMPushOptions.h; sourceTree = "<group>"; };
		18E2CD481D4F80BA00748868 /* EMSDK.h */ = {isa = PBXFileReference; fileEncoding = 4; lastKnownFileType = sourcecode.c.h; path = EMSDK.h; sourceTree = "<group>"; };
		18E2CD491D4F80BA00748868 /* EMSDKFull.h */ = {isa = PBXFileReference; fileEncoding = 4; lastKnownFileType = sourcecode.c.h; path = EMSDKFull.h; sourceTree = "<group>"; };
		18E2CD4A1D4F80BA00748868 /* EMTextMessageBody.h */ = {isa = PBXFileReference; fileEncoding = 4; lastKnownFileType = sourcecode.c.h; path = EMTextMessageBody.h; sourceTree = "<group>"; };
		18E2CD4B1D4F80BA00748868 /* EMVideoMessageBody.h */ = {isa = PBXFileReference; fileEncoding = 4; lastKnownFileType = sourcecode.c.h; path = EMVideoMessageBody.h; sourceTree = "<group>"; };
		18E2CD4C1D4F80BA00748868 /* EMVoiceMessageBody.h */ = {isa = PBXFileReference; fileEncoding = 4; lastKnownFileType = sourcecode.c.h; path = EMVoiceMessageBody.h; sourceTree = "<group>"; };
		18E2CD4D1D4F80BA00748868 /* IEMCallManager.h */ = {isa = PBXFileReference; fileEncoding = 4; lastKnownFileType = sourcecode.c.h; path = IEMCallManager.h; sourceTree = "<group>"; };
		18E2CD4E1D4F80BA00748868 /* IEMChatManager.h */ = {isa = PBXFileReference; fileEncoding = 4; lastKnownFileType = sourcecode.c.h; path = IEMChatManager.h; sourceTree = "<group>"; };
		18E2CD4F1D4F80BA00748868 /* IEMChatroomManager.h */ = {isa = PBXFileReference; fileEncoding = 4; lastKnownFileType = sourcecode.c.h; path = IEMChatroomManager.h; sourceTree = "<group>"; };
		18E2CD501D4F80BA00748868 /* IEMContactManager.h */ = {isa = PBXFileReference; fileEncoding = 4; lastKnownFileType = sourcecode.c.h; path = IEMContactManager.h; sourceTree = "<group>"; };
		18E2CD511D4F80BA00748868 /* IEMGroupManager.h */ = {isa = PBXFileReference; fileEncoding = 4; lastKnownFileType = sourcecode.c.h; path = IEMGroupManager.h; sourceTree = "<group>"; };
		18E2CD521D4F80BA00748868 /* OpenGLView20.h */ = {isa = PBXFileReference; fileEncoding = 4; lastKnownFileType = sourcecode.c.h; path = OpenGLView20.h; sourceTree = "<group>"; };
		18E2CD551D4F80BA00748868 /* libcrypto.a */ = {isa = PBXFileReference; lastKnownFileType = archive.ar; path = libcrypto.a; sourceTree = "<group>"; };
		18E2CD561D4F80BA00748868 /* libcurl.a */ = {isa = PBXFileReference; lastKnownFileType = archive.ar; path = libcurl.a; sourceTree = "<group>"; };
		18E2CD571D4F80BA00748868 /* libssl.a */ = {isa = PBXFileReference; lastKnownFileType = archive.ar; path = libssl.a; sourceTree = "<group>"; };
		18E2CD581D4F80BA00748868 /* libHyphenateFullSDK.a */ = {isa = PBXFileReference; lastKnownFileType = archive.ar; path = libHyphenateFullSDK.a; sourceTree = "<group>"; };
		18E2CD5D1D4F821900748868 /* CoreMedia.framework */ = {isa = PBXFileReference; lastKnownFileType = wrapper.framework; name = CoreMedia.framework; path = System/Library/Frameworks/CoreMedia.framework; sourceTree = SDKROOT; };
		18E2CD5F1D4F822700748868 /* AudioToolbox.framework */ = {isa = PBXFileReference; lastKnownFileType = wrapper.framework; name = AudioToolbox.framework; path = System/Library/Frameworks/AudioToolbox.framework; sourceTree = SDKROOT; };
		18E2CD611D4F823200748868 /* AVFoundation.framework */ = {isa = PBXFileReference; lastKnownFileType = wrapper.framework; name = AVFoundation.framework; path = System/Library/Frameworks/AVFoundation.framework; sourceTree = SDKROOT; };
		18E2CD631D4F824A00748868 /* MobileCoreServices.framework */ = {isa = PBXFileReference; lastKnownFileType = wrapper.framework; name = MobileCoreServices.framework; path = System/Library/Frameworks/MobileCoreServices.framework; sourceTree = SDKROOT; };
		18E2CD651D4F827200748868 /* ImageIO.framework */ = {isa = PBXFileReference; lastKnownFileType = wrapper.framework; name = ImageIO.framework; path = System/Library/Frameworks/ImageIO.framework; sourceTree = SDKROOT; };
		18E2CD671D4F829C00748868 /* libc++.tbd */ = {isa = PBXFileReference; lastKnownFileType = "sourcecode.text-based-dylib-definition"; name = "libc++.tbd"; path = "usr/lib/libc++.tbd"; sourceTree = SDKROOT; };
		18E2CD691D4F82AC00748868 /* libz.tbd */ = {isa = PBXFileReference; lastKnownFileType = "sourcecode.text-based-dylib-definition"; name = libz.tbd; path = usr/lib/libz.tbd; sourceTree = SDKROOT; };
		18E2CD6B1D4F82C400748868 /* libstdc++.6.0.9.tbd */ = {isa = PBXFileReference; lastKnownFileType = "sourcecode.text-based-dylib-definition"; name = "libstdc++.6.0.9.tbd"; path = "usr/lib/libstdc++.6.0.9.tbd"; sourceTree = SDKROOT; };
		18E2CD6D1D4F82DC00748868 /* libsqlite3.tbd */ = {isa = PBXFileReference; lastKnownFileType = "sourcecode.text-based-dylib-definition"; name = libsqlite3.tbd; path = usr/lib/libsqlite3.tbd; sourceTree = SDKROOT; };
		18E2CD6F1D4F82EC00748868 /* libiconv.tbd */ = {isa = PBXFileReference; lastKnownFileType = "sourcecode.text-based-dylib-definition"; name = libiconv.tbd; path = usr/lib/libiconv.tbd; sourceTree = SDKROOT; };
		18E2CD711D4F8B1B00748868 /* SystemConfiguration.framework */ = {isa = PBXFileReference; lastKnownFileType = wrapper.framework; name = SystemConfiguration.framework; path = System/Library/Frameworks/SystemConfiguration.framework; sourceTree = SDKROOT; };
/* End PBXFileReference section */

/* Begin PBXFrameworksBuildPhase section */
		18E2CCC11D4F495000748868 /* Frameworks */ = {
			isa = PBXFrameworksBuildPhase;
			buildActionMask = 2147483647;
			files = (
				18E2CD721D4F8B1B00748868 /* SystemConfiguration.framework in Frameworks */,
				18E2CD701D4F82EC00748868 /* libiconv.tbd in Frameworks */,
				18E2CD6E1D4F82DC00748868 /* libsqlite3.tbd in Frameworks */,
				18E2CD6C1D4F82C400748868 /* libstdc++.6.0.9.tbd in Frameworks */,
				18E2CD6A1D4F82AC00748868 /* libz.tbd in Frameworks */,
				18E2CD681D4F829C00748868 /* libc++.tbd in Frameworks */,
				18E2CD661D4F827200748868 /* ImageIO.framework in Frameworks */,
				18E2CD641D4F824A00748868 /* MobileCoreServices.framework in Frameworks */,
				18E2CD621D4F823200748868 /* AVFoundation.framework in Frameworks */,
				18E2CD601D4F822700748868 /* AudioToolbox.framework in Frameworks */,
				18E2CD5E1D4F821900748868 /* CoreMedia.framework in Frameworks */,
				18E2CD591D4F80BA00748868 /* libcrypto.a in Frameworks */,
				18E2CD5A1D4F80BA00748868 /* libcurl.a in Frameworks */,
				18E2CD5C1D4F80BA00748868 /* libHyphenateFullSDK.a in Frameworks */,
				18E2CD5B1D4F80BA00748868 /* libssl.a in Frameworks */,
			);
			runOnlyForDeploymentPostprocessing = 0;
		};
		18E2CCDA1D4F495000748868 /* Frameworks */ = {
			isa = PBXFrameworksBuildPhase;
			buildActionMask = 2147483647;
			files = (
			);
			runOnlyForDeploymentPostprocessing = 0;
		};
		18E2CCE51D4F495000748868 /* Frameworks */ = {
			isa = PBXFrameworksBuildPhase;
			buildActionMask = 2147483647;
			files = (
			);
			runOnlyForDeploymentPostprocessing = 0;
		};
/* End PBXFrameworksBuildPhase section */

/* Begin PBXGroup section */
		1835076E1D5045D80088935E /* AFNetworking */ = {
			isa = PBXGroup;
			children = (
				1835076F1D5045D80088935E /* AFHTTPRequestOperation.h */,
				183507701D5045D80088935E /* AFHTTPRequestOperation.m */,
				183507711D5045D80088935E /* AFHTTPRequestOperationManager.h */,
				183507721D5045D80088935E /* AFHTTPRequestOperationManager.m */,
				183507731D5045D80088935E /* AFHTTPSessionManager.h */,
				183507741D5045D80088935E /* AFHTTPSessionManager.m */,
				183507751D5045D80088935E /* AFNetworking.h */,
				183507761D5045D80088935E /* AFNetworkReachabilityManager.h */,
				183507771D5045D80088935E /* AFNetworkReachabilityManager.m */,
				183507781D5045D80088935E /* AFSecurityPolicy.h */,
				183507791D5045D80088935E /* AFSecurityPolicy.m */,
				1835077A1D5045D80088935E /* AFURLConnectionOperation.h */,
				1835077B1D5045D80088935E /* AFURLConnectionOperation.m */,
				1835077C1D5045D80088935E /* AFURLRequestSerialization.h */,
				1835077D1D5045D80088935E /* AFURLRequestSerialization.m */,
				1835077E1D5045D80088935E /* AFURLResponseSerialization.h */,
				1835077F1D5045D80088935E /* AFURLResponseSerialization.m */,
				183507801D5045D80088935E /* AFURLSessionManager.h */,
				183507811D5045D80088935E /* AFURLSessionManager.m */,
			);
			path = AFNetworking;
			sourceTree = "<group>";
		};
		183507821D5045D80088935E /* MJExtension */ = {
			isa = PBXGroup;
			children = (
				183507831D5045D80088935E /* MJDictionaryCache.h */,
				183507841D5045D80088935E /* MJDictionaryCache.m */,
				183507851D5045D80088935E /* MJExtension.h */,
				183507861D5045D80088935E /* MJExtensionConst.h */,
				183507871D5045D80088935E /* MJExtensionConst.m */,
				183507881D5045D80088935E /* MJFoundation.h */,
				183507891D5045D80088935E /* MJFoundation.m */,
				1835078A1D5045D80088935E /* MJProperty.h */,
				1835078B1D5045D80088935E /* MJProperty.m */,
				1835078C1D5045D80088935E /* MJPropertyKey.h */,
				1835078D1D5045D80088935E /* MJPropertyKey.m */,
				1835078E1D5045D80088935E /* MJPropertyType.h */,
				1835078F1D5045D80088935E /* MJPropertyType.m */,
				183507901D5045D80088935E /* MJRefresh */,
				183507BD1D5045D80088935E /* NSObject+MJClass.h */,
				183507BE1D5045D80088935E /* NSObject+MJClass.m */,
				183507BF1D5045D80088935E /* NSObject+MJCoding.h */,
				183507C01D5045D80088935E /* NSObject+MJCoding.m */,
				183507C11D5045D80088935E /* NSObject+MJKeyValue.h */,
				183507C21D5045D80088935E /* NSObject+MJKeyValue.m */,
				183507C31D5045D80088935E /* NSObject+MJProperty.h */,
				183507C41D5045D80088935E /* NSObject+MJProperty.m */,
				183507C51D5045D80088935E /* NSString+MJExtension.h */,
				183507C61D5045D80088935E /* NSString+MJExtension.m */,
			);
			path = MJExtension;
			sourceTree = "<group>";
		};
		183507901D5045D80088935E /* MJRefresh */ = {
			isa = PBXGroup;
			children = (
				183507911D5045D80088935E /* Base */,
				1835079C1D5045D80088935E /* Custom */,
				183507B31D5045D80088935E /* MJRefresh.bundle */,
				183507B41D5045D80088935E /* MJRefresh.h */,
				183507B51D5045D80088935E /* MJRefreshConst.h */,
				183507B61D5045D80088935E /* MJRefreshConst.m */,
				183507B71D5045D80088935E /* UIScrollView+MJExtension.h */,
				183507B81D5045D80088935E /* UIScrollView+MJExtension.m */,
				183507B91D5045D80088935E /* UIScrollView+MJRefresh.h */,
				183507BA1D5045D80088935E /* UIScrollView+MJRefresh.m */,
				183507BB1D5045D80088935E /* UIView+MJExtension.h */,
				183507BC1D5045D80088935E /* UIView+MJExtension.m */,
			);
			path = MJRefresh;
			sourceTree = "<group>";
		};
		183507911D5045D80088935E /* Base */ = {
			isa = PBXGroup;
			children = (
				183507921D5045D80088935E /* MJRefreshAutoFooter.h */,
				183507931D5045D80088935E /* MJRefreshAutoFooter.m */,
				183507941D5045D80088935E /* MJRefreshBackFooter.h */,
				183507951D5045D80088935E /* MJRefreshBackFooter.m */,
				183507961D5045D80088935E /* MJRefreshComponent.h */,
				183507971D5045D80088935E /* MJRefreshComponent.m */,
				183507981D5045D80088935E /* MJRefreshFooter.h */,
				183507991D5045D80088935E /* MJRefreshFooter.m */,
				1835079A1D5045D80088935E /* MJRefreshHeader.h */,
				1835079B1D5045D80088935E /* MJRefreshHeader.m */,
			);
			path = Base;
			sourceTree = "<group>";
		};
		1835079C1D5045D80088935E /* Custom */ = {
			isa = PBXGroup;
			children = (
				1835079D1D5045D80088935E /* Footer */,
				183507AC1D5045D80088935E /* Header */,
			);
			path = Custom;
			sourceTree = "<group>";
		};
		1835079D1D5045D80088935E /* Footer */ = {
			isa = PBXGroup;
			children = (
				1835079E1D5045D80088935E /* Auto */,
				183507A51D5045D80088935E /* Back */,
			);
			path = Footer;
			sourceTree = "<group>";
		};
		1835079E1D5045D80088935E /* Auto */ = {
			isa = PBXGroup;
			children = (
				1835079F1D5045D80088935E /* MJRefreshAutoGifFooter.h */,
				183507A01D5045D80088935E /* MJRefreshAutoGifFooter.m */,
				183507A11D5045D80088935E /* MJRefreshAutoNormalFooter.h */,
				183507A21D5045D80088935E /* MJRefreshAutoNormalFooter.m */,
				183507A31D5045D80088935E /* MJRefreshAutoStateFooter.h */,
				183507A41D5045D80088935E /* MJRefreshAutoStateFooter.m */,
			);
			path = Auto;
			sourceTree = "<group>";
		};
		183507A51D5045D80088935E /* Back */ = {
			isa = PBXGroup;
			children = (
				183507A61D5045D80088935E /* MJRefreshBackGifFooter.h */,
				183507A71D5045D80088935E /* MJRefreshBackGifFooter.m */,
				183507A81D5045D80088935E /* MJRefreshBackNormalFooter.h */,
				183507A91D5045D80088935E /* MJRefreshBackNormalFooter.m */,
				183507AA1D5045D80088935E /* MJRefreshBackStateFooter.h */,
				183507AB1D5045D80088935E /* MJRefreshBackStateFooter.m */,
			);
			path = Back;
			sourceTree = "<group>";
		};
		183507AC1D5045D80088935E /* Header */ = {
			isa = PBXGroup;
			children = (
				183507AD1D5045D80088935E /* MJRefreshGifHeader.h */,
				183507AE1D5045D80088935E /* MJRefreshGifHeader.m */,
				183507AF1D5045D80088935E /* MJRefreshNormalHeader.h */,
				183507B01D5045D80088935E /* MJRefreshNormalHeader.m */,
				183507B11D5045D80088935E /* MJRefreshStateHeader.h */,
				183507B21D5045D80088935E /* MJRefreshStateHeader.m */,
			);
			path = Header;
			sourceTree = "<group>";
		};
		183507C71D5045D80088935E /* SDWebImage */ = {
			isa = PBXGroup;
			children = (
				183507C81D5045D80088935E /* NSData+ImageContentType.h */,
				183507C91D5045D80088935E /* NSData+ImageContentType.m */,
				183507CA1D5045D80088935E /* SDImageCache.h */,
				183507CB1D5045D80088935E /* SDImageCache.m */,
				183507CC1D5045D80088935E /* SDWebImageCompat.h */,
				183507CD1D5045D80088935E /* SDWebImageCompat.m */,
				183507CE1D5045D80088935E /* SDWebImageDecoder.h */,
				183507CF1D5045D80088935E /* SDWebImageDecoder.m */,
				183507D01D5045D80088935E /* SDWebImageDownloader.h */,
				183507D11D5045D80088935E /* SDWebImageDownloader.m */,
				183507D21D5045D80088935E /* SDWebImageDownloaderOperation.h */,
				183507D31D5045D80088935E /* SDWebImageDownloaderOperation.m */,
				183507D41D5045D80088935E /* SDWebImageManager.h */,
				183507D51D5045D80088935E /* SDWebImageManager.m */,
				183507D61D5045D80088935E /* SDWebImageOperation.h */,
				183507D71D5045D80088935E /* SDWebImagePrefetcher.h */,
				183507D81D5045D80088935E /* SDWebImagePrefetcher.m */,
				183507D91D5045D80088935E /* UIButton+WebCache.h */,
				183507DA1D5045D80088935E /* UIButton+WebCache.m */,
				183507DB1D5045D80088935E /* UIImage+GIF.h */,
				183507DC1D5045D80088935E /* UIImage+GIF.m */,
				183507DD1D5045D80088935E /* UIImage+MultiFormat.h */,
				183507DE1D5045D80088935E /* UIImage+MultiFormat.m */,
				183507DF1D5045D80088935E /* UIImageView+HighlightedWebCache.h */,
				183507E01D5045D80088935E /* UIImageView+HighlightedWebCache.m */,
				183507E11D5045D80088935E /* UIImageView+WebCache.h */,
				183507E21D5045D80088935E /* UIImageView+WebCache.m */,
				183507E31D5045D80088935E /* UIView+WebCacheOperation.h */,
				183507E41D5045D80088935E /* UIView+WebCacheOperation.m */,
			);
			path = SDWebImage;
			sourceTree = "<group>";
		};
		1835086B1D5048040088935E /* MBProgressHUD */ = {
			isa = PBXGroup;
			children = (
				1835086C1D5048040088935E /* MBProgressHUD+Add.h */,
				1835086D1D5048040088935E /* MBProgressHUD+Add.m */,
				1835086E1D5048040088935E /* MBProgressHUD.bundle */,
				1835086F1D5048040088935E /* MBProgressHUD.h */,
				183508701D5048040088935E /* MBProgressHUD.m */,
			);
			path = MBProgressHUD;
			sourceTree = "<group>";
		};
		183508741D5049E50088935E /* Tool */ = {
			isa = PBXGroup;
			children = (
				183508751D504A220088935E /* GDWDataBaseTool.h */,
				183508761D504A220088935E /* GDWDataBaseTool.m */,
			);
			path = Tool;
			sourceTree = "<group>";
		};
		183508781D504B910088935E /* Const */ = {
			isa = PBXGroup;
			children = (
				183508791D504BA30088935E /* GDWConst.h */,
				1835087A1D504BA30088935E /* GDWConst.m */,
			);
			path = Const;
			sourceTree = "<group>";
		};
		1835087C1D5086150088935E /* Common */ = {
			isa = PBXGroup;
			children = (
				1835087D1D5086200088935E /* AlertView */,
			);
			path = Common;
			sourceTree = "<group>";
		};
		1835087D1D5086200088935E /* AlertView */ = {
			isa = PBXGroup;
			children = (
				1835087E1D5086200088935E /* EMAlertView.h */,
				1835087F1D5086200088935E /* EMAlertView.m */,
			);
			path = AlertView;
			sourceTree = "<group>";
		};
		18E2CCBB1D4F495000748868 = {
			isa = PBXGroup;
			children = (
				18E2CD711D4F8B1B00748868 /* SystemConfiguration.framework */,
				18E2CCC61D4F495000748868 /* gchat */,
				18E2CCE01D4F495000748868 /* gchatTests */,
				18E2CCEB1D4F495000748868 /* gchatUITests */,
				18E2CCC51D4F495000748868 /* Products */,
			);
			sourceTree = "<group>";
		};
		18E2CCC51D4F495000748868 /* Products */ = {
			isa = PBXGroup;
			children = (
				18E2CCC41D4F495000748868 /* gchat.app */,
				18E2CCDD1D4F495000748868 /* gchatTests.xctest */,
				18E2CCE81D4F495000748868 /* gchatUITests.xctest */,
			);
			name = Products;
			sourceTree = "<group>";
		};
		18E2CCC61D4F495000748868 /* gchat */ = {
			isa = PBXGroup;
			children = (
				18E2CCFA1D4F4BE700748868 /* Classes */,
				18E2CCFB1D4F4BE700748868 /* Other */,
				18E2CCCA1D4F495000748868 /* AppDelegate.h */,
				18E2CCCB1D4F495000748868 /* AppDelegate.m */,
				18E2CD2A1D4F5A5D00748868 /* PrefixHeader.pch */,
				18E2CCD01D4F495000748868 /* Main.storyboard */,
				18E2CCD31D4F495000748868 /* Assets.xcassets */,
				18E2CCD51D4F495000748868 /* LaunchScreen.storyboard */,
				18E2CCD81D4F495000748868 /* Info.plist */,
				18E2CCC71D4F495000748868 /* Supporting Files */,
			);
			path = gchat;
			sourceTree = "<group>";
		};
		18E2CCC71D4F495000748868 /* Supporting Files */ = {
			isa = PBXGroup;
			children = (
				18E2CD6F1D4F82EC00748868 /* libiconv.tbd */,
				18E2CD6D1D4F82DC00748868 /* libsqlite3.tbd */,
				18E2CD6B1D4F82C400748868 /* libstdc++.6.0.9.tbd */,
				18E2CD691D4F82AC00748868 /* libz.tbd */,
				18E2CD671D4F829C00748868 /* libc++.tbd */,
				18E2CD651D4F827200748868 /* ImageIO.framework */,
				18E2CD631D4F824A00748868 /* MobileCoreServices.framework */,
				18E2CD611D4F823200748868 /* AVFoundation.framework */,
				18E2CD5F1D4F822700748868 /* AudioToolbox.framework */,
				18E2CD5D1D4F821900748868 /* CoreMedia.framework */,
				18E2CCC81D4F495000748868 /* main.m */,
			);
			name = "Supporting Files";
			sourceTree = "<group>";
		};
		18E2CCE01D4F495000748868 /* gchatTests */ = {
			isa = PBXGroup;
			children = (
				18E2CCE11D4F495000748868 /* gchatTests.m */,
				18E2CCE31D4F495000748868 /* Info.plist */,
			);
			path = gchatTests;
			sourceTree = "<group>";
		};
		18E2CCEB1D4F495000748868 /* gchatUITests */ = {
			isa = PBXGroup;
			children = (
				18E2CCEC1D4F495000748868 /* gchatUITests.m */,
				18E2CCEE1D4F495000748868 /* Info.plist */,
			);
			path = gchatUITests;
			sourceTree = "<group>";
		};
		18E2CCFA1D4F4BE700748868 /* Classes */ = {
			isa = PBXGroup;
			children = (
				18E2CD061D4F585A00748868 /* Chat */,
				18E2CD161D4F585A00748868 /* Login */,
				18E2CD0E1D4F585A00748868 /* Conversation */,
				18E2CD0A1D4F585A00748868 /* Contacts */,
				18E2CD121D4F585A00748868 /* Discover */,
				18E2CD1A1D4F585A00748868 /* Me */,
			);
			path = Classes;
			sourceTree = "<group>";
		};
		18E2CCFB1D4F4BE700748868 /* Other */ = {
			isa = PBXGroup;
			children = (
				18E2CCFF1D4F543200748868 /* Main */,
				18E2CCFC1D4F4BE700748868 /* Category */,
				1835087C1D5086150088935E /* Common */,
				183508741D5049E50088935E /* Tool */,
				183508781D504B910088935E /* Const */,
				18E2CCFD1D4F4BE700748868 /* Lib */,
			);
			path = Other;
			sourceTree = "<group>";
		};
		18E2CCFC1D4F4BE700748868 /* Category */ = {
			isa = PBXGroup;
			children = (
			);
			path = Category;
			sourceTree = "<group>";
		};
		18E2CCFD1D4F4BE700748868 /* Lib */ = {
			isa = PBXGroup;
			children = (
				1835086B1D5048040088935E /* MBProgressHUD */,
				1835076E1D5045D80088935E /* AFNetworking */,
				183507821D5045D80088935E /* MJExtension */,
				183507C71D5045D80088935E /* SDWebImage */,
				18E2CD2B1D4F80BA00748868 /* HyphenateFullSDK */,
			);
			path = Lib;
			sourceTree = "<group>";
		};
		18E2CCFF1D4F543200748868 /* Main */ = {
			isa = PBXGroup;
			children = (
				18E2CD001D4F54C000748868 /* GDWTabBarController.h */,
				18E2CD011D4F54C000748868 /* GDWTabBarController.m */,
				18E2CD031D4F550A00748868 /* GDWNavigationController.h */,
				18E2CD041D4F550A00748868 /* GDWNavigationController.m */,
			);
			path = Main;
			sourceTree = "<group>";
		};
		18E2CD061D4F585A00748868 /* Chat */ = {
			isa = PBXGroup;
			children = (
				18E2CD071D4F585A00748868 /* Controller */,
				18E2CD081D4F585A00748868 /* Model */,
				18E2CD091D4F585A00748868 /* View */,
			);
			path = Chat;
			sourceTree = "<group>";
		};
		18E2CD071D4F585A00748868 /* Controller */ = {
			isa = PBXGroup;
			children = (
			);
			path = Controller;
			sourceTree = "<group>";
		};
		18E2CD081D4F585A00748868 /* Model */ = {
			isa = PBXGroup;
			children = (
			);
			path = Model;
			sourceTree = "<group>";
		};
		18E2CD091D4F585A00748868 /* View */ = {
			isa = PBXGroup;
			children = (
			);
			path = View;
			sourceTree = "<group>";
		};
		18E2CD0A1D4F585A00748868 /* Contacts */ = {
			isa = PBXGroup;
			children = (
				18E2CD0B1D4F585A00748868 /* Controller */,
				18E2CD0C1D4F585A00748868 /* Model */,
				18E2CD0D1D4F585A00748868 /* View */,
			);
			path = Contacts;
			sourceTree = "<group>";
		};
		18E2CD0B1D4F585A00748868 /* Controller */ = {
			isa = PBXGroup;
			children = (
				18E2CD211D4F58FD00748868 /* GDWContactController.h */,
				18E2CD221D4F58FD00748868 /* GDWContactController.m */,
			);
			path = Controller;
			sourceTree = "<group>";
		};
		18E2CD0C1D4F585A00748868 /* Model */ = {
			isa = PBXGroup;
			children = (
			);
			path = Model;
			sourceTree = "<group>";
		};
		18E2CD0D1D4F585A00748868 /* View */ = {
			isa = PBXGroup;
			children = (
			);
			path = View;
			sourceTree = "<group>";
		};
		18E2CD0E1D4F585A00748868 /* Conversation */ = {
			isa = PBXGroup;
			children = (
				18E2CD0F1D4F585A00748868 /* Controller */,
				18E2CD101D4F585A00748868 /* Model */,
				18E2CD111D4F585A00748868 /* View */,
			);
			path = Conversation;
			sourceTree = "<group>";
		};
		18E2CD0F1D4F585A00748868 /* Controller */ = {
			isa = PBXGroup;
			children = (
				18E2CD1E1D4F58CF00748868 /* GDWConversationController.h */,
				18E2CD1F1D4F58CF00748868 /* GDWConversationController.m */,
			);
			path = Controller;
			sourceTree = "<group>";
		};
		18E2CD101D4F585A00748868 /* Model */ = {
			isa = PBXGroup;
			children = (
			);
			path = Model;
			sourceTree = "<group>";
		};
		18E2CD111D4F585A00748868 /* View */ = {
			isa = PBXGroup;
			children = (
			);
			path = View;
			sourceTree = "<group>";
		};
		18E2CD121D4F585A00748868 /* Discover */ = {
			isa = PBXGroup;
			children = (
				18E2CD131D4F585A00748868 /* Controller */,
				18E2CD141D4F585A00748868 /* Model */,
				18E2CD151D4F585A00748868 /* View */,
			);
			path = Discover;
			sourceTree = "<group>";
		};
		18E2CD131D4F585A00748868 /* Controller */ = {
			isa = PBXGroup;
			children = (
				18E2CD241D4F592300748868 /* GDWDiscoverController.h */,
				18E2CD251D4F592300748868 /* GDWDiscoverController.m */,
			);
			path = Controller;
			sourceTree = "<group>";
		};
		18E2CD141D4F585A00748868 /* Model */ = {
			isa = PBXGroup;
			children = (
			);
			path = Model;
			sourceTree = "<group>";
		};
		18E2CD151D4F585A00748868 /* View */ = {
			isa = PBXGroup;
			children = (
			);
			path = View;
			sourceTree = "<group>";
		};
		18E2CD161D4F585A00748868 /* Login */ = {
			isa = PBXGroup;
			children = (
				18E2CD171D4F585A00748868 /* Controller */,
				18E2CD181D4F585A00748868 /* Model */,
				18E2CD191D4F585A00748868 /* View */,
			);
			path = Login;
			sourceTree = "<group>";
		};
		18E2CD171D4F585A00748868 /* Controller */ = {
			isa = PBXGroup;
			children = (
				183507671D5042330088935E /* GDWLoginViewController.h */,
				183507681D5042330088935E /* GDWLoginViewController.m */,
				183507691D5042330088935E /* GDWLoginViewController.xib */,
				1835076C1D5042FA0088935E /* LoginBackground@2x.png */,
			);
			path = Controller;
			sourceTree = "<group>";
		};
		18E2CD181D4F585A00748868 /* Model */ = {
			isa = PBXGroup;
			children = (
			);
			path = Model;
			sourceTree = "<group>";
		};
		18E2CD191D4F585A00748868 /* View */ = {
			isa = PBXGroup;
			children = (
			);
			path = View;
			sourceTree = "<group>";
		};
		18E2CD1A1D4F585A00748868 /* Me */ = {
			isa = PBXGroup;
			children = (
				18E2CD1B1D4F585A00748868 /* Controller */,
				18E2CD1C1D4F585A00748868 /* Model */,
				18E2CD1D1D4F585A00748868 /* View */,
			);
			path = Me;
			sourceTree = "<group>";
		};
		18E2CD1B1D4F585A00748868 /* Controller */ = {
			isa = PBXGroup;
			children = (
				18E2CD271D4F595400748868 /* GDWMeViewController.h */,
				18E2CD281D4F595400748868 /* GDWMeViewController.m */,
			);
			path = Controller;
			sourceTree = "<group>";
		};
		18E2CD1C1D4F585A00748868 /* Model */ = {
			isa = PBXGroup;
			children = (
			);
			path = Model;
			sourceTree = "<group>";
		};
		18E2CD1D1D4F585A00748868 /* View */ = {
			isa = PBXGroup;
			children = (
			);
			path = View;
			sourceTree = "<group>";
		};
		18E2CD2B1D4F80BA00748868 /* HyphenateFullSDK */ = {
			isa = PBXGroup;
			children = (
				18E2CD2C1D4F80BA00748868 /* include */,
				18E2CD531D4F80BA00748868 /* lib */,
			);
			path = HyphenateFullSDK;
			sourceTree = "<group>";
		};
		18E2CD2C1D4F80BA00748868 /* include */ = {
			isa = PBXGroup;
			children = (
				18E2CD2D1D4F80BA00748868 /* EMCallLocalView.h */,
				18E2CD2E1D4F80BA00748868 /* EMCallManagerDelegate.h */,
				18E2CD2F1D4F80BA00748868 /* EMCallRemoteView.h */,
				18E2CD301D4F80BA00748868 /* EMCallSession.h */,
				18E2CD311D4F80BA00748868 /* EMChatManagerDelegate.h */,
				18E2CD321D4F80BA00748868 /* EMChatroom.h */,
				18E2CD331D4F80BA00748868 /* EMChatroomManagerDelegate.h */,
				18E2CD341D4F80BA00748868 /* EMClient+Call.h */,
				18E2CD351D4F80BA00748868 /* EMClient.h */,
				18E2CD361D4F80BA00748868 /* EMClientDelegate.h */,
				18E2CD371D4F80BA00748868 /* EMCmdMessageBody.h */,
				18E2CD381D4F80BA00748868 /* EMContactManagerDelegate.h */,
				18E2CD391D4F80BA00748868 /* EMConversation.h */,
				18E2CD3A1D4F80BA00748868 /* EMCursorResult.h */,
				18E2CD3B1D4F80BA00748868 /* EMError.h */,
				18E2CD3C1D4F80BA00748868 /* EMErrorCode.h */,
				18E2CD3D1D4F80BA00748868 /* EMFileMessageBody.h */,
				18E2CD3E1D4F80BA00748868 /* EMGroup.h */,
				18E2CD3F1D4F80BA00748868 /* EMGroupManagerDelegate.h */,
				18E2CD401D4F80BA00748868 /* EMGroupOptions.h */,
				18E2CD411D4F80BA00748868 /* EMImageMessageBody.h */,
				18E2CD421D4F80BA00748868 /* EMLocationMessageBody.h */,
				18E2CD431D4F80BA00748868 /* EMMessage.h */,
				18E2CD441D4F80BA00748868 /* EMMessageBody.h */,
				18E2CD451D4F80BA00748868 /* EMOptions+PrivateDeploy.h */,
				18E2CD461D4F80BA00748868 /* EMOptions.h */,
				18E2CD471D4F80BA00748868 /* EMPushOptions.h */,
				18E2CD481D4F80BA00748868 /* EMSDK.h */,
				18E2CD491D4F80BA00748868 /* EMSDKFull.h */,
				18E2CD4A1D4F80BA00748868 /* EMTextMessageBody.h */,
				18E2CD4B1D4F80BA00748868 /* EMVideoMessageBody.h */,
				18E2CD4C1D4F80BA00748868 /* EMVoiceMessageBody.h */,
				18E2CD4D1D4F80BA00748868 /* IEMCallManager.h */,
				18E2CD4E1D4F80BA00748868 /* IEMChatManager.h */,
				18E2CD4F1D4F80BA00748868 /* IEMChatroomManager.h */,
				18E2CD501D4F80BA00748868 /* IEMContactManager.h */,
				18E2CD511D4F80BA00748868 /* IEMGroupManager.h */,
				18E2CD521D4F80BA00748868 /* OpenGLView20.h */,
			);
			path = include;
			sourceTree = "<group>";
		};
		18E2CD531D4F80BA00748868 /* lib */ = {
			isa = PBXGroup;
			children = (
				18E2CD541D4F80BA00748868 /* 3rdparty */,
				18E2CD581D4F80BA00748868 /* libHyphenateFullSDK.a */,
			);
			path = lib;
			sourceTree = "<group>";
		};
		18E2CD541D4F80BA00748868 /* 3rdparty */ = {
			isa = PBXGroup;
			children = (
				18E2CD551D4F80BA00748868 /* libcrypto.a */,
				18E2CD561D4F80BA00748868 /* libcurl.a */,
				18E2CD571D4F80BA00748868 /* libssl.a */,
			);
			path = 3rdparty;
			sourceTree = "<group>";
		};
/* End PBXGroup section */

/* Begin PBXNativeTarget section */
		18E2CCC31D4F495000748868 /* gchat */ = {
			isa = PBXNativeTarget;
			buildConfigurationList = 18E2CCF11D4F495000748868 /* Build configuration list for PBXNativeTarget "gchat" */;
			buildPhases = (
				18E2CCC01D4F495000748868 /* Sources */,
				18E2CCC11D4F495000748868 /* Frameworks */,
				18E2CCC21D4F495000748868 /* Resources */,
			);
			buildRules = (
			);
			dependencies = (
			);
			name = gchat;
			productName = gchat;
			productReference = 18E2CCC41D4F495000748868 /* gchat.app */;
			productType = "com.apple.product-type.application";
		};
		18E2CCDC1D4F495000748868 /* gchatTests */ = {
			isa = PBXNativeTarget;
			buildConfigurationList = 18E2CCF41D4F495000748868 /* Build configuration list for PBXNativeTarget "gchatTests" */;
			buildPhases = (
				18E2CCD91D4F495000748868 /* Sources */,
				18E2CCDA1D4F495000748868 /* Frameworks */,
				18E2CCDB1D4F495000748868 /* Resources */,
			);
			buildRules = (
			);
			dependencies = (
				18E2CCDF1D4F495000748868 /* PBXTargetDependency */,
			);
			name = gchatTests;
			productName = gchatTests;
			productReference = 18E2CCDD1D4F495000748868 /* gchatTests.xctest */;
			productType = "com.apple.product-type.bundle.unit-test";
		};
		18E2CCE71D4F495000748868 /* gchatUITests */ = {
			isa = PBXNativeTarget;
			buildConfigurationList = 18E2CCF71D4F495000748868 /* Build configuration list for PBXNativeTarget "gchatUITests" */;
			buildPhases = (
				18E2CCE41D4F495000748868 /* Sources */,
				18E2CCE51D4F495000748868 /* Frameworks */,
				18E2CCE61D4F495000748868 /* Resources */,
			);
			buildRules = (
			);
			dependencies = (
				18E2CCEA1D4F495000748868 /* PBXTargetDependency */,
			);
			name = gchatUITests;
			productName = gchatUITests;
			productReference = 18E2CCE81D4F495000748868 /* gchatUITests.xctest */;
			productType = "com.apple.product-type.bundle.ui-testing";
		};
/* End PBXNativeTarget section */

/* Begin PBXProject section */
		18E2CCBC1D4F495000748868 /* Project object */ = {
			isa = PBXProject;
			attributes = {
				CLASSPREFIX = GDW;
				LastUpgradeCheck = 0710;
				ORGANIZATIONNAME = apple;
				TargetAttributes = {
					18E2CCC31D4F495000748868 = {
						CreatedOnToolsVersion = 7.1;
						DevelopmentTeam = PSWDJYT9P2;
					};
					18E2CCDC1D4F495000748868 = {
						CreatedOnToolsVersion = 7.1;
						DevelopmentTeam = PSWDJYT9P2;
						TestTargetID = 18E2CCC31D4F495000748868;
					};
					18E2CCE71D4F495000748868 = {
						CreatedOnToolsVersion = 7.1;
						DevelopmentTeam = PSWDJYT9P2;
						TestTargetID = 18E2CCC31D4F495000748868;
					};
				};
			};
			buildConfigurationList = 18E2CCBF1D4F495000748868 /* Build configuration list for PBXProject "gchat" */;
			compatibilityVersion = "Xcode 3.2";
			developmentRegion = English;
			hasScannedForEncodings = 0;
			knownRegions = (
				en,
				Base,
			);
			mainGroup = 18E2CCBB1D4F495000748868;
			productRefGroup = 18E2CCC51D4F495000748868 /* Products */;
			projectDirPath = "";
			projectRoot = "";
			targets = (
				18E2CCC31D4F495000748868 /* gchat */,
				18E2CCDC1D4F495000748868 /* gchatTests */,
				18E2CCE71D4F495000748868 /* gchatUITests */,
			);
		};
/* End PBXProject section */

/* Begin PBXResourcesBuildPhase section */
		18E2CCC21D4F495000748868 /* Resources */ = {
			isa = PBXResourcesBuildPhase;
			buildActionMask = 2147483647;
			files = (
				1835076D1D5042FA0088935E /* LoginBackground@2x.png in Resources */,
				183508721D5048040088935E /* MBProgressHUD.bundle in Resources */,
				18E2CCD71D4F495000748868 /* LaunchScreen.storyboard in Resources */,
				1835080B1D5045D90088935E /* MJRefresh.bundle in Resources */,
				1835076B1D5042330088935E /* GDWLoginViewController.xib in Resources */,
				18E2CCD41D4F495000748868 /* Assets.xcassets in Resources */,
				18E2CCD21D4F495000748868 /* Main.storyboard in Resources */,
			);
			runOnlyForDeploymentPostprocessing = 0;
		};
		18E2CCDB1D4F495000748868 /* Resources */ = {
			isa = PBXResourcesBuildPhase;
			buildActionMask = 2147483647;
			files = (
			);
			runOnlyForDeploymentPostprocessing = 0;
		};
		18E2CCE61D4F495000748868 /* Resources */ = {
			isa = PBXResourcesBuildPhase;
			buildActionMask = 2147483647;
			files = (
			);
			runOnlyForDeploymentPostprocessing = 0;
		};
/* End PBXResourcesBuildPhase section */

/* Begin PBXSourcesBuildPhase section */
		18E2CCC01D4F495000748868 /* Sources */ = {
			isa = PBXSourcesBuildPhase;
			buildActionMask = 2147483647;
			files = (
				183507F21D5045D90088935E /* AFSecurityPolicy.m in Sources */,
				1835080A1D5045D90088935E /* MJRefreshStateHeader.m in Sources */,
				183508211D5045D90088935E /* UIImageView+WebCache.m in Sources */,
				18E2CD231D4F58FD00748868 /* GDWContactController.m in Sources */,
				183507F11D5045D90088935E /* AFNetworkReachabilityManager.m in Sources */,
				1835080D1D5045D90088935E /* UIScrollView+MJExtension.m in Sources */,
				18E2CD201D4F58CF00748868 /* GDWConversationController.m in Sources */,
				183508711D5048040088935E /* MBProgressHUD+Add.m in Sources */,
				1835081F1D5045D90088935E /* UIImage+MultiFormat.m in Sources */,
				183508041D5045D90088935E /* MJRefreshAutoStateFooter.m in Sources */,
				183508181D5045D90088935E /* SDWebImageDecoder.m in Sources */,
				183508171D5045D90088935E /* SDWebImageCompat.m in Sources */,
				183508101D5045D90088935E /* NSObject+MJClass.m in Sources */,
				183508801D5086200088935E /* EMAlertView.m in Sources */,
				183507F31D5045D90088935E /* AFURLConnectionOperation.m in Sources */,
				183508141D5045D90088935E /* NSString+MJExtension.m in Sources */,
				183508151D5045D90088935E /* NSData+ImageContentType.m in Sources */,
				183508071D5045D90088935E /* MJRefreshBackStateFooter.m in Sources */,
				183507FD1D5045D90088935E /* MJRefreshAutoFooter.m in Sources */,
				183508011D5045D90088935E /* MJRefreshHeader.m in Sources */,
				183508201D5045D90088935E /* UIImageView+HighlightedWebCache.m in Sources */,
				183508021D5045D90088935E /* MJRefreshAutoGifFooter.m in Sources */,
				183508771D504A220088935E /* GDWDataBaseTool.m in Sources */,
				183508121D5045D90088935E /* NSObject+MJKeyValue.m in Sources */,
				183507EE1D5045D90088935E /* AFHTTPRequestOperation.m in Sources */,
				183507F01D5045D90088935E /* AFHTTPSessionManager.m in Sources */,
				183508191D5045D90088935E /* SDWebImageDownloader.m in Sources */,
				1835081D1D5045D90088935E /* UIButton+WebCache.m in Sources */,
				183507FB1D5045D90088935E /* MJPropertyKey.m in Sources */,
				183507F41D5045D90088935E /* AFURLRequestSerialization.m in Sources */,
				183507FC1D5045D90088935E /* MJPropertyType.m in Sources */,
				18E2CCCC1D4F495000748868 /* AppDelegate.m in Sources */,
				183507F61D5045D90088935E /* AFURLSessionManager.m in Sources */,
				183508051D5045D90088935E /* MJRefreshBackGifFooter.m in Sources */,
				183508091D5045D90088935E /* MJRefreshNormalHeader.m in Sources */,
				183508001D5045D90088935E /* MJRefreshFooter.m in Sources */,
				183508731D5048040088935E /* MBProgressHUD.m in Sources */,
				183508221D5045D90088935E /* UIView+WebCacheOperation.m in Sources */,
				1835081A1D5045D90088935E /* SDWebImageDownloaderOperation.m in Sources */,
				183508031D5045D90088935E /* MJRefreshAutoNormalFooter.m in Sources */,
				18E2CD021D4F54C000748868 /* GDWTabBarController.m in Sources */,
				183507FE1D5045D90088935E /* MJRefreshBackFooter.m in Sources */,
				183507EF1D5045D90088935E /* AFHTTPRequestOperationManager.m in Sources */,
				18E2CD291D4F595400748868 /* GDWMeViewController.m in Sources */,
				183508111D5045D90088935E /* NSObject+MJCoding.m in Sources */,
				1835080C1D5045D90088935E /* MJRefreshConst.m in Sources */,
				183508081D5045D90088935E /* MJRefreshGifHeader.m in Sources */,
				183508161D5045D90088935E /* SDImageCache.m in Sources */,
				1835081B1D5045D90088935E /* SDWebImageManager.m in Sources */,
				183508061D5045D90088935E /* MJRefreshBackNormalFooter.m in Sources */,
				1835081C1D5045D90088935E /* SDWebImagePrefetcher.m in Sources */,
				183507F51D5045D90088935E /* AFURLResponseSerialization.m in Sources */,
				1835080F1D5045D90088935E /* UIView+MJExtension.m in Sources */,
				1835080E1D5045D90088935E /* UIScrollView+MJRefresh.m in Sources */,
				1835087B1D504BA30088935E /* GDWConst.m in Sources */,
				18E2CCC91D4F495000748868 /* main.m in Sources */,
				183507F91D5045D90088935E /* MJFoundation.m in Sources */,
				1835076A1D5042330088935E /* GDWLoginViewController.m in Sources */,
				183507F81D5045D90088935E /* MJExtensionConst.m in Sources */,
				18E2CD051D4F550A00748868 /* GDWNavigationController.m in Sources */,
				183508131D5045D90088935E /* NSObject+MJProperty.m in Sources */,
				183507FF1D5045D90088935E /* MJRefreshComponent.m in Sources */,
				183507F71D5045D90088935E /* MJDictionaryCache.m in Sources */,
				1835081E1D5045D90088935E /* UIImage+GIF.m in Sources */,
				18E2CD261D4F592300748868 /* GDWDiscoverController.m in Sources */,
				183507FA1D5045D90088935E /* MJProperty.m in Sources */,
			);
			runOnlyForDeploymentPostprocessing = 0;
		};
		18E2CCD91D4F495000748868 /* Sources */ = {
			isa = PBXSourcesBuildPhase;
			buildActionMask = 2147483647;
			files = (
				18E2CCE21D4F495000748868 /* gchatTests.m in Sources */,
			);
			runOnlyForDeploymentPostprocessing = 0;
		};
		18E2CCE41D4F495000748868 /* Sources */ = {
			isa = PBXSourcesBuildPhase;
			buildActionMask = 2147483647;
			files = (
				18E2CCED1D4F495000748868 /* gchatUITests.m in Sources */,
			);
			runOnlyForDeploymentPostprocessing = 0;
		};
/* End PBXSourcesBuildPhase section */

/* Begin PBXTargetDependency section */
		18E2CCDF1D4F495000748868 /* PBXTargetDependency */ = {
			isa = PBXTargetDependency;
			target = 18E2CCC31D4F495000748868 /* gchat */;
			targetProxy = 18E2CCDE1D4F495000748868 /* PBXContainerItemProxy */;
		};
		18E2CCEA1D4F495000748868 /* PBXTargetDependency */ = {
			isa = PBXTargetDependency;
			target = 18E2CCC31D4F495000748868 /* gchat */;
			targetProxy = 18E2CCE91D4F495000748868 /* PBXContainerItemProxy */;
		};
/* End PBXTargetDependency section */

/* Begin PBXVariantGroup section */
		18E2CCD01D4F495000748868 /* Main.storyboard */ = {
			isa = PBXVariantGroup;
			children = (
				18E2CCD11D4F495000748868 /* Base */,
			);
			name = Main.storyboard;
			sourceTree = "<group>";
		};
		18E2CCD51D4F495000748868 /* LaunchScreen.storyboard */ = {
			isa = PBXVariantGroup;
			children = (
				18E2CCD61D4F495000748868 /* Base */,
			);
			name = LaunchScreen.storyboard;
			sourceTree = "<group>";
		};
/* End PBXVariantGroup section */

/* Begin XCBuildConfiguration section */
		18E2CCEF1D4F495000748868 /* Debug */ = {
			isa = XCBuildConfiguration;
			buildSettings = {
				ALWAYS_SEARCH_USER_PATHS = NO;
				CLANG_CXX_LANGUAGE_STANDARD = "gnu++0x";
				CLANG_CXX_LIBRARY = "libc++";
				CLANG_ENABLE_MODULES = YES;
				CLANG_ENABLE_OBJC_ARC = YES;
				CLANG_WARN_BOOL_CONVERSION = YES;
				CLANG_WARN_CONSTANT_CONVERSION = YES;
				CLANG_WARN_DIRECT_OBJC_ISA_USAGE = YES_ERROR;
				CLANG_WARN_EMPTY_BODY = YES;
				CLANG_WARN_ENUM_CONVERSION = YES;
				CLANG_WARN_INT_CONVERSION = YES;
				CLANG_WARN_OBJC_ROOT_CLASS = YES_ERROR;
				CLANG_WARN_UNREACHABLE_CODE = YES;
				CLANG_WARN__DUPLICATE_METHOD_MATCH = YES;
				"CODE_SIGN_IDENTITY[sdk=iphoneos*]" = "iPhone Developer";
				COPY_PHASE_STRIP = NO;
				DEBUG_INFORMATION_FORMAT = dwarf;
				ENABLE_STRICT_OBJC_MSGSEND = YES;
				ENABLE_TESTABILITY = YES;
				GCC_C_LANGUAGE_STANDARD = gnu99;
				GCC_DYNAMIC_NO_PIC = NO;
				GCC_NO_COMMON_BLOCKS = YES;
				GCC_OPTIMIZATION_LEVEL = 0;
				GCC_PREPROCESSOR_DEFINITIONS = (
					"DEBUG=1",
					"$(inherited)",
				);
				GCC_WARN_64_TO_32_BIT_CONVERSION = YES;
				GCC_WARN_ABOUT_RETURN_TYPE = YES_ERROR;
				GCC_WARN_UNDECLARED_SELECTOR = YES;
				GCC_WARN_UNINITIALIZED_AUTOS = YES_AGGRESSIVE;
				GCC_WARN_UNUSED_FUNCTION = YES;
				GCC_WARN_UNUSED_VARIABLE = YES;
				IPHONEOS_DEPLOYMENT_TARGET = 9.1;
				MTL_ENABLE_DEBUG_INFO = YES;
				ONLY_ACTIVE_ARCH = YES;
				SDKROOT = iphoneos;
			};
			name = Debug;
		};
		18E2CCF01D4F495000748868 /* Release */ = {
			isa = XCBuildConfiguration;
			buildSettings = {
				ALWAYS_SEARCH_USER_PATHS = NO;
				CLANG_CXX_LANGUAGE_STANDARD = "gnu++0x";
				CLANG_CXX_LIBRARY = "libc++";
				CLANG_ENABLE_MODULES = YES;
				CLANG_ENABLE_OBJC_ARC = YES;
				CLANG_WARN_BOOL_CONVERSION = YES;
				CLANG_WARN_CONSTANT_CONVERSION = YES;
				CLANG_WARN_DIRECT_OBJC_ISA_USAGE = YES_ERROR;
				CLANG_WARN_EMPTY_BODY = YES;
				CLANG_WARN_ENUM_CONVERSION = YES;
				CLANG_WARN_INT_CONVERSION = YES;
				CLANG_WARN_OBJC_ROOT_CLASS = YES_ERROR;
				CLANG_WARN_UNREACHABLE_CODE = YES;
				CLANG_WARN__DUPLICATE_METHOD_MATCH = YES;
				"CODE_SIGN_IDENTITY[sdk=iphoneos*]" = "iPhone Developer";
				COPY_PHASE_STRIP = NO;
				DEBUG_INFORMATION_FORMAT = "dwarf-with-dsym";
				ENABLE_NS_ASSERTIONS = NO;
				ENABLE_STRICT_OBJC_MSGSEND = YES;
				GCC_C_LANGUAGE_STANDARD = gnu99;
				GCC_NO_COMMON_BLOCKS = YES;
				GCC_WARN_64_TO_32_BIT_CONVERSION = YES;
				GCC_WARN_ABOUT_RETURN_TYPE = YES_ERROR;
				GCC_WARN_UNDECLARED_SELECTOR = YES;
				GCC_WARN_UNINITIALIZED_AUTOS = YES_AGGRESSIVE;
				GCC_WARN_UNUSED_FUNCTION = YES;
				GCC_WARN_UNUSED_VARIABLE = YES;
				IPHONEOS_DEPLOYMENT_TARGET = 9.1;
				MTL_ENABLE_DEBUG_INFO = NO;
				SDKROOT = iphoneos;
				VALIDATE_PRODUCT = YES;
			};
			name = Release;
		};
		18E2CCF21D4F495000748868 /* Debug */ = {
			isa = XCBuildConfiguration;
			buildSettings = {
				ASSETCATALOG_COMPILER_APPICON_NAME = AppIcon;
				ASSETCATALOG_COMPILER_LAUNCHIMAGE_NAME = "Brand Assets";
				GCC_PREFIX_HEADER = "$(SRCROOT)//gchat/PrefixHeader.pch";
				INFOPLIST_FILE = gchat/Info.plist;
				LD_RUNPATH_SEARCH_PATHS = "$(inherited) @executable_path/Frameworks";
				LIBRARY_SEARCH_PATHS = (
					"$(inherited)",
					"$(PROJECT_DIR)/gchat/Other/Lib/HyphenateFullSDK/lib/3rdparty",
					"$(PROJECT_DIR)/gchat/Other/Lib/HyphenateFullSDK/lib",
				);
				PRODUCT_BUNDLE_IDENTIFIER = yht.gchat;
				PRODUCT_NAME = "$(TARGET_NAME)";
			};
			name = Debug;
		};
		18E2CCF31D4F495000748868 /* Release */ = {
			isa = XCBuildConfiguration;
			buildSettings = {
				ASSETCATALOG_COMPILER_APPICON_NAME = AppIcon;
				ASSETCATALOG_COMPILER_LAUNCHIMAGE_NAME = "Brand Assets";
				GCC_PREFIX_HEADER = "$(SRCROOT)//gchat/PrefixHeader.pch";
				INFOPLIST_FILE = gchat/Info.plist;
				LD_RUNPATH_SEARCH_PATHS = "$(inherited) @executable_path/Frameworks";
				LIBRARY_SEARCH_PATHS = (
					"$(inherited)",
					"$(PROJECT_DIR)/gchat/Other/Lib/HyphenateFullSDK/lib/3rdparty",
					"$(PROJECT_DIR)/gchat/Other/Lib/HyphenateFullSDK/lib",
				);
				PRODUCT_BUNDLE_IDENTIFIER = yht.gchat;
				PRODUCT_NAME = "$(TARGET_NAME)";
			};
			name = Release;
		};
		18E2CCF51D4F495000748868 /* Debug */ = {
			isa = XCBuildConfiguration;
			buildSettings = {
				BUNDLE_LOADER = "$(TEST_HOST)";
				INFOPLIST_FILE = gchatTests/Info.plist;
				LD_RUNPATH_SEARCH_PATHS = "$(inherited) @executable_path/Frameworks @loader_path/Frameworks";
				PRODUCT_BUNDLE_IDENTIFIER = yht.gchatTests;
				PRODUCT_NAME = "$(TARGET_NAME)";
				TEST_HOST = "$(BUILT_PRODUCTS_DIR)/gchat.app/gchat";
			};
			name = Debug;
		};
		18E2CCF61D4F495000748868 /* Release */ = {
			isa = XCBuildConfiguration;
			buildSettings = {
				BUNDLE_LOADER = "$(TEST_HOST)";
				INFOPLIST_FILE = gchatTests/Info.plist;
				LD_RUNPATH_SEARCH_PATHS = "$(inherited) @executable_path/Frameworks @loader_path/Frameworks";
				PRODUCT_BUNDLE_IDENTIFIER = yht.gchatTests;
				PRODUCT_NAME = "$(TARGET_NAME)";
				TEST_HOST = "$(BUILT_PRODUCTS_DIR)/gchat.app/gchat";
			};
			name = Release;
		};
		18E2CCF81D4F495000748868 /* Debug */ = {
			isa = XCBuildConfiguration;
			buildSettings = {
				INFOPLIST_FILE = gchatUITests/Info.plist;
				LD_RUNPATH_SEARCH_PATHS = "$(inherited) @executable_path/Frameworks @loader_path/Frameworks";
				PRODUCT_BUNDLE_IDENTIFIER = yht.gchatUITests;
				PRODUCT_NAME = "$(TARGET_NAME)";
				TEST_TARGET_NAME = gchat;
				USES_XCTRUNNER = YES;
			};
			name = Debug;
		};
		18E2CCF91D4F495000748868 /* Release */ = {
			isa = XCBuildConfiguration;
			buildSettings = {
				INFOPLIST_FILE = gchatUITests/Info.plist;
				LD_RUNPATH_SEARCH_PATHS = "$(inherited) @executable_path/Frameworks @loader_path/Frameworks";
				PRODUCT_BUNDLE_IDENTIFIER = yht.gchatUITests;
				PRODUCT_NAME = "$(TARGET_NAME)";
				TEST_TARGET_NAME = gchat;
				USES_XCTRUNNER = YES;
			};
			name = Release;
		};
/* End XCBuildConfiguration section */

/* Begin XCConfigurationList section */
		18E2CCBF1D4F495000748868 /* Build configuration list for PBXProject "gchat" */ = {
			isa = XCConfigurationList;
			buildConfigurations = (
				18E2CCEF1D4F495000748868 /* Debug */,
				18E2CCF01D4F495000748868 /* Release */,
			);
			defaultConfigurationIsVisible = 0;
			defaultConfigurationName = Release;
		};
		18E2CCF11D4F495000748868 /* Build configuration list for PBXNativeTarget "gchat" */ = {
			isa = XCConfigurationList;
			buildConfigurations = (
				18E2CCF21D4F495000748868 /* Debug */,
				18E2CCF31D4F495000748868 /* Release */,
			);
			defaultConfigurationIsVisible = 0;
			defaultConfigurationName = Release;
		};
		18E2CCF41D4F495000748868 /* Build configuration list for PBXNativeTarget "gchatTests" */ = {
			isa = XCConfigurationList;
			buildConfigurations = (
				18E2CCF51D4F495000748868 /* Debug */,
				18E2CCF61D4F495000748868 /* Release */,
			);
			defaultConfigurationIsVisible = 0;
			defaultConfigurationName = Release;
		};
		18E2CCF71D4F495000748868 /* Build configuration list for PBXNativeTarget "gchatUITests" */ = {
			isa = XCConfigurationList;
			buildConfigurations = (
				18E2CCF81D4F495000748868 /* Debug */,
				18E2CCF91D4F495000748868 /* Release */,
			);
			defaultConfigurationIsVisible = 0;
			defaultConfigurationName = Release;
		};
/* End XCConfigurationList section */
	};
	rootObject = 18E2CCBC1D4F495000748868 /* Project object */;
}
